{
  "version": 4,
  "terraform_version": "1.7.1",
  "serial": 135,
  "lineage": "c4659bea-77d0-6261-9551-58ba7a9a7189",
  "outputs": {},
  "resources": [
    {
      "mode": "managed",
      "type": "google_artifact_registry_repository",
      "name": "devopsdemo1npm",
      "provider": "provider[\"registry.terraform.io/hashicorp/google\"]",
      "instances": [
        {
          "schema_version": 0,
          "attributes": {
            "create_time": "2024-01-30T18:20:59.571203Z",
            "description": "Node repository",
            "docker_config": [],
            "effective_labels": {},
            "format": "NPM",
            "id": "projects/gab-devops-3/locations/us-central1/repositories/devopsdemo1npm",
            "kms_key_name": "",
            "labels": {},
            "location": "us-central1",
            "maven_config": [],
            "mode": "STANDARD_REPOSITORY",
            "name": "devopsdemo1npm",
            "project": "gab-devops-3",
            "remote_repository_config": [],
            "repository_id": "devopsdemo1npm",
            "terraform_labels": {},
            "timeouts": null,
            "update_time": "2024-01-30T18:20:59.571203Z",
            "virtual_repository_config": []
          },
          "sensitive_attributes": [],
          "private": "eyJlMmJmYjczMC1lY2FhLTExZTYtOGY4OC0zNDM2M2JjN2M0YzAiOnsiY3JlYXRlIjoxMjAwMDAwMDAwMDAwLCJkZWxldGUiOjEyMDAwMDAwMDAwMDAsInVwZGF0ZSI6MTIwMDAwMDAwMDAwMH19"
        }
      ]
    },
    {
      "mode": "managed",
      "type": "google_artifact_registry_repository",
      "name": "devopsdemo1repo",
      "provider": "provider[\"registry.terraform.io/hashicorp/google\"]",
      "instances": [
        {
          "schema_version": 0,
          "attributes": {
            "create_time": "2024-01-30T18:20:58.814933Z",
            "description": "Docker repository",
            "docker_config": [],
            "effective_labels": {},
            "format": "DOCKER",
            "id": "projects/gab-devops-3/locations/us-central1/repositories/devopsdemo1repo",
            "kms_key_name": "",
            "labels": {},
            "location": "us-central1",
            "maven_config": [],
            "mode": "STANDARD_REPOSITORY",
            "name": "devopsdemo1repo",
            "project": "gab-devops-3",
            "remote_repository_config": [],
            "repository_id": "devopsdemo1repo",
            "terraform_labels": {},
            "timeouts": null,
            "update_time": "2024-01-30T18:20:58.814933Z",
            "virtual_repository_config": []
          },
          "sensitive_attributes": [],
          "private": "eyJlMmJmYjczMC1lY2FhLTExZTYtOGY4OC0zNDM2M2JjN2M0YzAiOnsiY3JlYXRlIjoxMjAwMDAwMDAwMDAwLCJkZWxldGUiOjEyMDAwMDAwMDAwMDAsInVwZGF0ZSI6MTIwMDAwMDAwMDAwMH19"
        }
      ]
    },
    {
      "mode": "managed",
      "type": "google_compute_managed_ssl_certificate",
      "name": "gab-dev-certificate",
      "provider": "provider[\"registry.terraform.io/hashicorp/google\"]",
      "instances": [
        {
          "schema_version": 0,
          "attributes": {
            "certificate_id": 1286561575529119981,
            "creation_timestamp": "2024-01-30T10:20:50.562-08:00",
            "description": "",
            "expire_time": "",
            "id": "projects/gab-devops-3/global/sslCertificates/gab-dev-certificate",
            "managed": [
              {
                "domains": [
                  "app.dev.gabrielbechara.com"
                ]
              }
            ],
            "name": "gab-dev-certificate",
            "project": "gab-devops-3",
            "self_link": "https://www.googleapis.com/compute/v1/projects/gab-devops-3/global/sslCertificates/gab-dev-certificate",
            "subject_alternative_names": [],
            "timeouts": null,
            "type": "MANAGED"
          },
          "sensitive_attributes": [],
          "private": "eyJlMmJmYjczMC1lY2FhLTExZTYtOGY4OC0zNDM2M2JjN2M0YzAiOnsiY3JlYXRlIjoxODAwMDAwMDAwMDAwLCJkZWxldGUiOjE4MDAwMDAwMDAwMDB9fQ=="
        }
      ]
    },
    {
      "mode": "managed",
      "type": "google_compute_managed_ssl_certificate",
      "name": "gab-prod-certificate",
      "provider": "provider[\"registry.terraform.io/hashicorp/google\"]",
      "instances": [
        {
          "schema_version": 0,
          "attributes": {
            "certificate_id": 2224535450328269037,
            "creation_timestamp": "2024-01-30T10:20:50.576-08:00",
            "description": "",
            "expire_time": "",
            "id": "projects/gab-devops-3/global/sslCertificates/gab-prod-certificate",
            "managed": [
              {
                "domains": [
                  "app.prod.gabrielbechara.com"
                ]
              }
            ],
            "name": "gab-prod-certificate",
            "project": "gab-devops-3",
            "self_link": "https://www.googleapis.com/compute/v1/projects/gab-devops-3/global/sslCertificates/gab-prod-certificate",
            "subject_alternative_names": [],
            "timeouts": null,
            "type": "MANAGED"
          },
          "sensitive_attributes": [],
          "private": "eyJlMmJmYjczMC1lY2FhLTExZTYtOGY4OC0zNDM2M2JjN2M0YzAiOnsiY3JlYXRlIjoxODAwMDAwMDAwMDAwLCJkZWxldGUiOjE4MDAwMDAwMDAwMDB9fQ=="
        }
      ]
    },
    {
      "mode": "managed",
      "type": "google_compute_managed_ssl_certificate",
      "name": "llm_dev_certificate",
      "provider": "provider[\"registry.terraform.io/hashicorp/google\"]",
      "instances": [
        {
          "schema_version": 0,
          "attributes": {
            "certificate_id": 2833780972197282029,
            "creation_timestamp": "2024-01-30T10:20:50.574-08:00",
            "description": "",
            "expire_time": "",
            "id": "projects/gab-devops-3/global/sslCertificates/llm-dev-certificate",
            "managed": [
              {
                "domains": [
                  "llm.dev.gabrielbechara.com"
                ]
              }
            ],
            "name": "llm-dev-certificate",
            "project": "gab-devops-3",
            "self_link": "https://www.googleapis.com/compute/v1/projects/gab-devops-3/global/sslCertificates/llm-dev-certificate",
            "subject_alternative_names": [],
            "timeouts": null,
            "type": "MANAGED"
          },
          "sensitive_attributes": [],
          "private": "eyJlMmJmYjczMC1lY2FhLTExZTYtOGY4OC0zNDM2M2JjN2M0YzAiOnsiY3JlYXRlIjoxODAwMDAwMDAwMDAwLCJkZWxldGUiOjE4MDAwMDAwMDAwMDB9fQ=="
        }
      ]
    },
    {
      "mode": "managed",
      "type": "google_compute_managed_ssl_certificate",
      "name": "llm_prod_certificate",
      "provider": "provider[\"registry.terraform.io/hashicorp/google\"]",
      "instances": [
        {
          "schema_version": 0,
          "attributes": {
            "certificate_id": 8439872612524654829,
            "creation_timestamp": "2024-01-30T10:20:50.321-08:00",
            "description": "",
            "expire_time": "",
            "id": "projects/gab-devops-3/global/sslCertificates/llm-prod-certificate",
            "managed": [
              {
                "domains": [
                  "llm.prod.gabrielbechara.com"
                ]
              }
            ],
            "name": "llm-prod-certificate",
            "project": "gab-devops-3",
            "self_link": "https://www.googleapis.com/compute/v1/projects/gab-devops-3/global/sslCertificates/llm-prod-certificate",
            "subject_alternative_names": [],
            "timeouts": null,
            "type": "MANAGED"
          },
          "sensitive_attributes": [],
          "private": "eyJlMmJmYjczMC1lY2FhLTExZTYtOGY4OC0zNDM2M2JjN2M0YzAiOnsiY3JlYXRlIjoxODAwMDAwMDAwMDAwLCJkZWxldGUiOjE4MDAwMDAwMDAwMDB9fQ=="
        }
      ]
    },
    {
      "mode": "managed",
      "type": "google_compute_network",
      "name": "default",
      "provider": "provider[\"registry.terraform.io/hashicorp/google\"]",
      "instances": [
        {
          "schema_version": 0,
          "attributes": {
            "auto_create_subnetworks": true,
            "delete_default_routes_on_create": false,
            "description": "",
            "enable_ula_internal_ipv6": false,
            "gateway_ipv4": "",
            "id": "projects/gab-devops-3/global/networks/default",
            "internal_ipv6_range": "",
            "mtu": 0,
            "name": "default",
            "network_firewall_policy_enforcement_order": "AFTER_CLASSIC_FIREWALL",
            "project": "gab-devops-3",
            "routing_mode": "REGIONAL",
            "self_link": "https://www.googleapis.com/compute/v1/projects/gab-devops-3/global/networks/default",
            "timeouts": null
          },
          "sensitive_attributes": [],
          "private": "eyJlMmJmYjczMC1lY2FhLTExZTYtOGY4OC0zNDM2M2JjN2M0YzAiOnsiY3JlYXRlIjoxMjAwMDAwMDAwMDAwLCJkZWxldGUiOjEyMDAwMDAwMDAwMDAsInVwZGF0ZSI6MTIwMDAwMDAwMDAwMH19"
        }
      ]
    },
    {
      "mode": "managed",
      "type": "google_compute_subnetwork",
      "name": "proxy",
      "provider": "provider[\"registry.terraform.io/hashicorp/google\"]",
      "instances": [
        {
          "schema_version": 0,
          "attributes": {
            "creation_timestamp": "2024-01-30T11:07:20.603-08:00",
            "description": "",
            "external_ipv6_prefix": "",
            "fingerprint": null,
            "gateway_address": "10.103.0.1",
            "id": "projects/gab-devops-3/regions/us-central1/subnetworks/proxy",
            "internal_ipv6_prefix": "",
            "ip_cidr_range": "10.103.0.0/23",
            "ipv6_access_type": "",
            "ipv6_cidr_range": "",
            "log_config": [],
            "name": "proxy",
            "network": "https://www.googleapis.com/compute/v1/projects/gab-devops-3/global/networks/default",
            "private_ip_google_access": false,
            "private_ipv6_google_access": "DISABLE_GOOGLE_ACCESS",
            "project": "gab-devops-3",
            "purpose": "REGIONAL_MANAGED_PROXY",
            "region": "us-central1",
            "role": "ACTIVE",
            "secondary_ip_range": [],
            "self_link": "https://www.googleapis.com/compute/v1/projects/gab-devops-3/regions/us-central1/subnetworks/proxy",
            "stack_type": "",
            "timeouts": null
          },
          "sensitive_attributes": [],
          "private": "eyJlMmJmYjczMC1lY2FhLTExZTYtOGY4OC0zNDM2M2JjN2M0YzAiOnsiY3JlYXRlIjoxMjAwMDAwMDAwMDAwLCJkZWxldGUiOjEyMDAwMDAwMDAwMDAsInVwZGF0ZSI6MTIwMDAwMDAwMDAwMH19"
        }
      ]
    },
    {
      "mode": "managed",
      "type": "google_container_cluster",
      "name": "example_cluster",
      "provider": "provider[\"registry.terraform.io/hashicorp/google\"]",
      "instances": [
        {
          "schema_version": 2,
          "attributes": {
            "addons_config": [
              {
                "cloudrun_config": [],
                "config_connector_config": [],
                "dns_cache_config": [],
                "gce_persistent_disk_csi_driver_config": [
                  {
                    "enabled": true
                  }
                ],
                "gcp_filestore_csi_driver_config": [],
                "gcs_fuse_csi_driver_config": [],
                "gke_backup_agent_config": [],
                "horizontal_pod_autoscaling": [
                  {
                    "disabled": false
                  }
                ],
                "http_load_balancing": [
                  {
                    "disabled": false
                  }
                ],
                "network_policy_config": [
                  {
                    "disabled": true
                  }
                ]
              }
            ],
            "allow_net_admin": null,
            "authenticator_groups_config": [],
            "binary_authorization": [
              {
                "enabled": false,
                "evaluation_mode": ""
              }
            ],
            "cluster_autoscaling": [
              {
                "auto_provisioning_defaults": [],
                "enabled": false,
                "resource_limits": []
              }
            ],
            "cluster_ipv4_cidr": "10.24.0.0/14",
            "confidential_nodes": [],
            "cost_management_config": [],
            "database_encryption": [
              {
                "key_name": "",
                "state": "DECRYPTED"
              }
            ],
            "datapath_provider": "",
            "default_max_pods_per_node": 110,
            "default_snat_status": [
              {
                "disabled": false
              }
            ],
            "deletion_protection": true,
            "description": "",
            "dns_config": [],
            "enable_autopilot": false,
            "enable_intranode_visibility": false,
            "enable_k8s_beta_apis": [],
            "enable_kubernetes_alpha": false,
            "enable_l4_ilb_subsetting": false,
            "enable_legacy_abac": false,
            "enable_shielded_nodes": true,
            "enable_tpu": false,
            "endpoint": "34.134.24.232",
            "fleet": [],
            "gateway_api_config": [
              {
                "channel": "CHANNEL_STANDARD"
              }
            ],
            "id": "projects/gab-devops-3/locations/us-central1/clusters/example-cluster",
            "identity_service_config": [],
            "initial_node_count": 1,
            "ip_allocation_policy": [
              {
                "additional_pod_ranges_config": [],
                "cluster_ipv4_cidr_block": "10.24.0.0/14",
                "cluster_secondary_range_name": "gke-example-cluster-pods-3b2da6ba",
                "pod_cidr_overprovision_config": [
                  {
                    "disabled": false
                  }
                ],
                "services_ipv4_cidr_block": "10.28.0.0/20",
                "services_secondary_range_name": "gke-example-cluster-services-3b2da6ba",
                "stack_type": "IPV4"
              }
            ],
            "label_fingerprint": "a9dc16a7",
            "location": "us-central1",
            "logging_config": [
              {
                "enable_components": [
                  "SYSTEM_COMPONENTS",
                  "WORKLOADS"
                ]
              }
            ],
            "logging_service": "logging.googleapis.com/kubernetes",
            "maintenance_policy": [],
            "master_auth": [
              {
                "client_certificate": "",
                "client_certificate_config": [
                  {
                    "issue_client_certificate": false
                  }
                ],
                "client_key": "",
                "cluster_ca_certificate": "LS0tLS1CRUdJTiBDRVJUSUZJQ0FURS0tLS0tCk1JSUVMVENDQXBXZ0F3SUJBZ0lSQUozV1RVUm9RQTBHQjdQeVlUSExMQUF3RFFZSktvWklodmNOQVFFTEJRQXcKTHpFdE1Dc0dBMVVFQXhNa1pHRTVPV1ZoTnpndFpXTXpNeTAwTURNM0xXRTJaVFl0WlRCbE4ySXhPV1kzTmpkaApNQ0FYRFRJME1ERXpNREU0TURjeU1Gb1lEekl3TlRRd01USXlNVGt3TnpJd1dqQXZNUzB3S3dZRFZRUURFeVJrCllUazVaV0UzT0MxbFl6TXpMVFF3TXpjdFlUWmxOaTFsTUdVM1lqRTVaamMyTjJFd2dnR2lNQTBHQ1NxR1NJYjMKRFFFQkFRVUFBNElCandBd2dnR0tBb0lCZ1FDaDFVQTZsY01ncnh0alhVMGdKM2pXc3drSVRZNW9sSW1BYkZOcAo3K2hraWhtZzJ0S0RRNGwyNytCNzBQNFRBUWZFb0kxQ1BVbXQ1aDRLc1lqb1NDamZpZ2NJS1VHelp0ZWhhdUF0CmpOZktpL1FiaVRJUkcvTGpMTkZTTVZTQk1KQnJmNVYxYW91U1RHVlBUbjhuT2Yyc1o4R0VJRHphYk5oNEhuN20KZDJtQ1B0NnE5Qk1kWmQrWklFNU94UHJyNE1QdXZ6NWluQ0JIZTdZSmRiWkRBcTRlNzNoUFRNTkFLc2I1bWJKMgpiVVJLRkx3OHhXZEdPZHNINVl1QVZybkZHY0NJY0lZNFhlQlhLVjYwZisxZ0VNbEpnTUUxVUkxWENGZWdWdTF6CkFKM0dPZllUeWpnWVh2Ui9KdHZQZDJ3czhOVEZOT2tpZjUxM0RyT0Jld0V6RmhtZS92bGtuMFpXdjFtT2F1NUkKRXBIZHNQREVmTnMwdUg1aXBZeDlwdyt2ZURIZ1lkMFVXOFRTQjZabHV4R1pXc1V2OXN4bkk2TkdNQzFUMVJMTwo3U1lFUzl3V21WbXQxTmNiTStKYTV6a0ZxOXF5KzVINjduQU4rMVdrd2VCRnJEZHU1YWtIVnV0NWlnMlpMcTIyCjZmenRoRnk2Y3BSaGhEYktNMmp0QUt4YkxsTUNBd0VBQWFOQ01FQXdEZ1lEVlIwUEFRSC9CQVFEQWdJRU1BOEcKQTFVZEV3RUIvd1FGTUFNQkFmOHdIUVlEVlIwT0JCWUVGR3dyL2VGMUdXVlR6QTFJa25BOEFKcmRyaytDTUEwRwpDU3FHU0liM0RRRUJDd1VBQTRJQmdRQUpVdkcyWGpKUkU5ekZNMUFUS1dDT3lxYlJvYlV2ZVRNVkFSUno5RDFWCnFURjZnRXJGZXZHRnhpOTZyeDZMcmNOaFNSOXQycUlRVWpMZDQ4NmpCM241SWFpYlY3b0Z2V3hIcS9NaGplUGUKdndxeGVWMFhIZmlZK0lTQzJTVWZxU0YrTUFhUmZWdThVRkJaRHFLNGM5ZkNxU3Z6ZTJnYlFweXplY1JCZlREYQppQVlCWklSMkZFUWljVmZCVll1aGNTYkFJWmYzRVZRYWtPTGl5TWZCQUdYMVlyUlE1d2hjOCtVdzFBV21xMVdZClNJTWphYkUvQ1hGMkpHWHJ0VGZRZ1kwMk1RV0pOdTdFS0YwOGlHYmJrNng0RG8wNVVhMyszMTlBeUhVbjVPejAKeDlLSUVtTnNhZ2YrSHZYVm5UcG5xUFNxUWZselNvRDZBQmJhUVpmQXVGZDZwMTFoT1ZoK0p4Y1F4WjRpU003eApFT3ZGUGVVYk85ME40TnNZd3J6RE1TWHhiQU9BVEFnTVc1NkZ2aWNlOEZOaTM2bE5Scy9YYjlEQjA3Vko0clZHCjNtOVNhK0FndjRGc3Y2eWRVZDRhUlN3VGN4NHFQckxyUEpnQU1WT3JrbGlvYWJGZXlwT2RsZmJGNlB1ZmlBZlYKaUFMQnlKcEZ2b0NhdjB2MFBoM2FWaGc9Ci0tLS0tRU5EIENFUlRJRklDQVRFLS0tLS0K"
              }
            ],
            "master_authorized_networks_config": [],
            "master_version": "1.27.3-gke.100",
            "mesh_certificates": [],
            "min_master_version": null,
            "monitoring_config": [
              {
                "advanced_datapath_observability_config": [
                  {
                    "enable_metrics": false,
                    "relay_mode": ""
                  }
                ],
                "enable_components": [
                  "SYSTEM_COMPONENTS"
                ],
                "managed_prometheus": [
                  {
                    "enabled": true
                  }
                ]
              }
            ],
            "monitoring_service": "monitoring.googleapis.com/kubernetes",
            "name": "example-cluster",
            "network": "projects/gab-devops-3/global/networks/default",
            "network_policy": [
              {
                "enabled": false,
                "provider": "PROVIDER_UNSPECIFIED"
              }
            ],
            "networking_mode": "VPC_NATIVE",
            "node_config": [
              {
                "advanced_machine_features": [],
                "boot_disk_kms_key": "",
                "confidential_nodes": [],
                "disk_size_gb": 100,
                "disk_type": "pd-balanced",
                "effective_taints": [],
                "ephemeral_storage_local_ssd_config": [],
                "fast_socket": [],
                "gcfs_config": [],
                "guest_accelerator": [],
                "gvnic": [],
                "host_maintenance_policy": [],
                "image_type": "COS_CONTAINERD",
                "kubelet_config": [],
                "labels": {},
                "linux_node_config": [],
                "local_nvme_ssd_block_config": [],
                "local_ssd_count": 0,
                "logging_variant": "DEFAULT",
                "machine_type": "e2-medium",
                "metadata": {
                  "disable-legacy-endpoints": "true"
                },
                "min_cpu_platform": "",
                "node_group": "",
                "oauth_scopes": [
                  "https://www.googleapis.com/auth/devstorage.read_only",
                  "https://www.googleapis.com/auth/logging.write",
                  "https://www.googleapis.com/auth/monitoring",
                  "https://www.googleapis.com/auth/service.management.readonly",
                  "https://www.googleapis.com/auth/servicecontrol",
                  "https://www.googleapis.com/auth/trace.append"
                ],
                "preemptible": false,
                "reservation_affinity": [],
                "resource_labels": {},
                "service_account": "default",
                "shielded_instance_config": [
                  {
                    "enable_integrity_monitoring": true,
                    "enable_secure_boot": false
                  }
                ],
                "sole_tenant_config": [],
                "spot": false,
                "tags": [],
                "taint": [],
                "workload_metadata_config": []
              }
            ],
            "node_locations": [
              "us-central1-a",
              "us-central1-b",
              "us-central1-f"
            ],
            "node_pool": [
              {
                "autoscaling": [],
                "initial_node_count": 1,
                "instance_group_urls": [
                  "https://www.googleapis.com/compute/v1/projects/gab-devops-3/zones/us-central1-a/instanceGroupManagers/gke-example-cluster-my-node-pool-019446d3-grp",
                  "https://www.googleapis.com/compute/v1/projects/gab-devops-3/zones/us-central1-b/instanceGroupManagers/gke-example-cluster-my-node-pool-ea781ef9-grp",
                  "https://www.googleapis.com/compute/v1/projects/gab-devops-3/zones/us-central1-f/instanceGroupManagers/gke-example-cluster-my-node-pool-8d118568-grp"
                ],
                "managed_instance_group_urls": [
                  "https://www.googleapis.com/compute/v1/projects/gab-devops-3/zones/us-central1-a/instanceGroups/gke-example-cluster-my-node-pool-019446d3-grp",
                  "https://www.googleapis.com/compute/v1/projects/gab-devops-3/zones/us-central1-b/instanceGroups/gke-example-cluster-my-node-pool-ea781ef9-grp",
                  "https://www.googleapis.com/compute/v1/projects/gab-devops-3/zones/us-central1-f/instanceGroups/gke-example-cluster-my-node-pool-8d118568-grp"
                ],
                "management": [
                  {
                    "auto_repair": true,
                    "auto_upgrade": true
                  }
                ],
                "max_pods_per_node": 110,
                "name": "my-node-pool",
                "name_prefix": "",
                "network_config": [
                  {
                    "create_pod_range": false,
                    "enable_private_nodes": false,
                    "pod_cidr_overprovision_config": [],
                    "pod_ipv4_cidr_block": "10.24.0.0/14",
                    "pod_range": "gke-example-cluster-pods-3b2da6ba"
                  }
                ],
                "node_config": [
                  {
                    "advanced_machine_features": [],
                    "boot_disk_kms_key": "",
                    "confidential_nodes": [],
                    "disk_size_gb": 100,
                    "disk_type": "pd-balanced",
                    "effective_taints": [],
                    "ephemeral_storage_local_ssd_config": [],
                    "fast_socket": [],
                    "gcfs_config": [],
                    "guest_accelerator": [],
                    "gvnic": [],
                    "host_maintenance_policy": [],
                    "image_type": "COS_CONTAINERD",
                    "kubelet_config": [],
                    "labels": {},
                    "linux_node_config": [],
                    "local_nvme_ssd_block_config": [],
                    "local_ssd_count": 0,
                    "logging_variant": "DEFAULT",
                    "machine_type": "e2-medium",
                    "metadata": {
                      "disable-legacy-endpoints": "true"
                    },
                    "min_cpu_platform": "",
                    "node_group": "",
                    "oauth_scopes": [
                      "https://www.googleapis.com/auth/devstorage.read_only",
                      "https://www.googleapis.com/auth/logging.write",
                      "https://www.googleapis.com/auth/monitoring",
                      "https://www.googleapis.com/auth/service.management.readonly",
                      "https://www.googleapis.com/auth/servicecontrol",
                      "https://www.googleapis.com/auth/trace.append"
                    ],
                    "preemptible": false,
                    "reservation_affinity": [],
                    "resource_labels": {},
                    "service_account": "default",
                    "shielded_instance_config": [
                      {
                        "enable_integrity_monitoring": true,
                        "enable_secure_boot": false
                      }
                    ],
                    "sole_tenant_config": [],
                    "spot": false,
                    "tags": [],
                    "taint": [],
                    "workload_metadata_config": []
                  }
                ],
                "node_count": 1,
                "node_locations": [
                  "us-central1-a",
                  "us-central1-b",
                  "us-central1-f"
                ],
                "placement_policy": [],
                "upgrade_settings": [
                  {
                    "blue_green_settings": [],
                    "max_surge": 1,
                    "max_unavailable": 0,
                    "strategy": "SURGE"
                  }
                ],
                "version": "1.27.3-gke.100"
              }
            ],
            "node_pool_auto_config": [],
            "node_pool_defaults": [
              {
                "node_config_defaults": [
                  {
                    "logging_variant": "DEFAULT"
                  }
                ]
              }
            ],
            "node_version": "1.27.3-gke.100",
            "notification_config": [
              {
                "pubsub": [
                  {
                    "enabled": false,
                    "filter": [],
                    "topic": ""
                  }
                ]
              }
            ],
            "operation": null,
            "private_cluster_config": [
              {
                "enable_private_endpoint": false,
                "enable_private_nodes": false,
                "master_global_access_config": [
                  {
                    "enabled": false
                  }
                ],
                "master_ipv4_cidr_block": "",
                "peering_name": "",
                "private_endpoint": "10.128.0.2",
                "private_endpoint_subnetwork": "",
                "public_endpoint": "34.134.24.232"
              }
            ],
            "private_ipv6_google_access": "",
            "project": "gab-devops-3",
            "release_channel": [
              {
                "channel": "REGULAR"
              }
            ],
            "remove_default_node_pool": true,
            "resource_labels": {},
            "resource_usage_export_config": [],
            "security_posture_config": [
              {
                "mode": "BASIC",
                "vulnerability_mode": "VULNERABILITY_MODE_UNSPECIFIED"
              }
            ],
            "self_link": "https://container.googleapis.com/v1/projects/gab-devops-3/locations/us-central1/clusters/example-cluster",
            "service_external_ips_config": [
              {
                "enabled": false
              }
            ],
            "services_ipv4_cidr": "10.28.0.0/20",
            "subnetwork": "projects/gab-devops-3/regions/us-central1/subnetworks/default",
            "timeouts": null,
            "tpu_ipv4_cidr_block": "",
            "vertical_pod_autoscaling": [],
            "workload_identity_config": [
              {
                "workload_pool": "gab-devops-3.svc.id.goog"
              }
            ]
          },
          "sensitive_attributes": [],
          "private": "eyJlMmJmYjczMC1lY2FhLTExZTYtOGY4OC0zNDM2M2JjN2M0YzAiOnsiY3JlYXRlIjoyNDAwMDAwMDAwMDAwLCJkZWxldGUiOjI0MDAwMDAwMDAwMDAsInJlYWQiOjI0MDAwMDAwMDAwMDAsInVwZGF0ZSI6MzYwMDAwMDAwMDAwMH0sInNjaGVtYV92ZXJzaW9uIjoiMiJ9",
          "dependencies": [
            "google_compute_network.default"
          ]
        }
      ]
    },
    {
      "mode": "managed",
      "type": "google_container_node_pool",
      "name": "primary_preemptible_nodes",
      "provider": "provider[\"registry.terraform.io/hashicorp/google\"]",
      "instances": [
        {
          "schema_version": 1,
          "attributes": {
            "autoscaling": [],
            "cluster": "example-cluster",
            "id": "projects/gab-devops-3/locations/us-central1/clusters/example-cluster/nodePools/my-node-pool",
            "initial_node_count": 1,
            "instance_group_urls": [
              "https://www.googleapis.com/compute/v1/projects/gab-devops-3/zones/us-central1-a/instanceGroupManagers/gke-example-cluster-my-node-pool-019446d3-grp",
              "https://www.googleapis.com/compute/v1/projects/gab-devops-3/zones/us-central1-b/instanceGroupManagers/gke-example-cluster-my-node-pool-ea781ef9-grp",
              "https://www.googleapis.com/compute/v1/projects/gab-devops-3/zones/us-central1-f/instanceGroupManagers/gke-example-cluster-my-node-pool-8d118568-grp"
            ],
            "location": "us-central1",
            "managed_instance_group_urls": [
              "https://www.googleapis.com/compute/v1/projects/gab-devops-3/zones/us-central1-a/instanceGroups/gke-example-cluster-my-node-pool-019446d3-grp",
              "https://www.googleapis.com/compute/v1/projects/gab-devops-3/zones/us-central1-b/instanceGroups/gke-example-cluster-my-node-pool-ea781ef9-grp",
              "https://www.googleapis.com/compute/v1/projects/gab-devops-3/zones/us-central1-f/instanceGroups/gke-example-cluster-my-node-pool-8d118568-grp"
            ],
            "management": [
              {
                "auto_repair": true,
                "auto_upgrade": true
              }
            ],
            "max_pods_per_node": 110,
            "name": "my-node-pool",
            "name_prefix": "",
            "network_config": [
              {
                "create_pod_range": false,
                "enable_private_nodes": false,
                "pod_cidr_overprovision_config": [],
                "pod_ipv4_cidr_block": "10.24.0.0/14",
                "pod_range": "gke-example-cluster-pods-3b2da6ba"
              }
            ],
            "node_config": [
              {
                "advanced_machine_features": [],
                "boot_disk_kms_key": "",
                "confidential_nodes": [],
                "disk_size_gb": 100,
                "disk_type": "pd-balanced",
                "effective_taints": [],
                "ephemeral_storage_local_ssd_config": [],
                "fast_socket": [],
                "gcfs_config": [],
                "guest_accelerator": [],
                "gvnic": [],
                "host_maintenance_policy": [],
                "image_type": "COS_CONTAINERD",
                "kubelet_config": [],
                "labels": {},
                "linux_node_config": [],
                "local_nvme_ssd_block_config": [],
                "local_ssd_count": 0,
                "logging_variant": "DEFAULT",
                "machine_type": "e2-medium",
                "metadata": {
                  "disable-legacy-endpoints": "true"
                },
                "min_cpu_platform": "",
                "node_group": "",
                "oauth_scopes": [
                  "https://www.googleapis.com/auth/devstorage.read_only",
                  "https://www.googleapis.com/auth/logging.write",
                  "https://www.googleapis.com/auth/monitoring",
                  "https://www.googleapis.com/auth/service.management.readonly",
                  "https://www.googleapis.com/auth/servicecontrol",
                  "https://www.googleapis.com/auth/trace.append"
                ],
                "preemptible": false,
                "reservation_affinity": [],
                "resource_labels": {},
                "service_account": "default",
                "shielded_instance_config": [
                  {
                    "enable_integrity_monitoring": true,
                    "enable_secure_boot": false
                  }
                ],
                "sole_tenant_config": [],
                "spot": false,
                "tags": [],
                "taint": [],
                "workload_metadata_config": []
              }
            ],
            "node_count": 1,
            "node_locations": [
              "us-central1-a",
              "us-central1-b",
              "us-central1-f"
            ],
            "operation": null,
            "placement_policy": [],
            "project": "gab-devops-3",
            "timeouts": null,
            "upgrade_settings": [
              {
                "blue_green_settings": [],
                "max_surge": 1,
                "max_unavailable": 0,
                "strategy": "SURGE"
              }
            ],
            "version": "1.27.3-gke.100"
          },
          "sensitive_attributes": [],
          "private": "eyJlMmJmYjczMC1lY2FhLTExZTYtOGY4OC0zNDM2M2JjN2M0YzAiOnsiY3JlYXRlIjoxODAwMDAwMDAwMDAwLCJkZWxldGUiOjE4MDAwMDAwMDAwMDAsInVwZGF0ZSI6MTgwMDAwMDAwMDAwMH0sInNjaGVtYV92ZXJzaW9uIjoiMSJ9",
          "dependencies": [
            "google_compute_network.default",
            "google_container_cluster.example_cluster"
          ]
        }
      ]
    },
    {
      "mode": "managed",
      "type": "google_project_iam_member",
      "name": "alloydb_admin",
      "provider": "provider[\"registry.terraform.io/hashicorp/google\"]",
      "instances": [
        {
          "schema_version": 0,
          "attributes": {
            "condition": [],
            "etag": "BwYQMWIyZBs=",
            "id": "gab-devops-3/roles/alloydb.admin/serviceAccount:32923329863-compute@developer.gserviceaccount.com",
            "member": "serviceAccount:32923329863-compute@developer.gserviceaccount.com",
            "project": "gab-devops-3",
            "role": "roles/alloydb.admin"
          },
          "sensitive_attributes": [],
          "private": "bnVsbA=="
        }
      ]
    },
    {
      "mode": "managed",
      "type": "google_project_iam_member",
      "name": "clouddeploy_admin_prod",
      "provider": "provider[\"registry.terraform.io/hashicorp/google\"]",
      "instances": [
        {
          "schema_version": 0,
          "attributes": {
            "condition": [],
            "etag": "BwYQMWIyZBs=",
            "id": "gab-devops-3/roles/clouddeploy.admin/serviceAccount:32923329863-compute@developer.gserviceaccount.com",
            "member": "serviceAccount:32923329863-compute@developer.gserviceaccount.com",
            "project": "gab-devops-3",
            "role": "roles/clouddeploy.admin"
          },
          "sensitive_attributes": [],
          "private": "bnVsbA=="
        }
      ]
    },
    {
      "mode": "managed",
      "type": "google_project_iam_member",
      "name": "clouddeploy_artifactregistry_reader_prod",
      "provider": "provider[\"registry.terraform.io/hashicorp/google\"]",
      "instances": [
        {
          "schema_version": 0,
          "attributes": {
            "condition": [],
            "etag": "BwYQMWIyZBs=",
            "id": "gab-devops-3/roles/artifactregistry.reader/serviceAccount:32923329863-compute@developer.gserviceaccount.com",
            "member": "serviceAccount:32923329863-compute@developer.gserviceaccount.com",
            "project": "gab-devops-3",
            "role": "roles/artifactregistry.reader"
          },
          "sensitive_attributes": [],
          "private": "bnVsbA=="
        }
      ]
    },
    {
      "mode": "managed",
      "type": "google_project_iam_member",
      "name": "clouddeploy_artifactregistry_writer_prod",
      "provider": "provider[\"registry.terraform.io/hashicorp/google\"]",
      "instances": [
        {
          "schema_version": 0,
          "attributes": {
            "condition": [],
            "etag": "BwYQMWIyZBs=",
            "id": "gab-devops-3/roles/artifactregistry.writer/serviceAccount:32923329863-compute@developer.gserviceaccount.com",
            "member": "serviceAccount:32923329863-compute@developer.gserviceaccount.com",
            "project": "gab-devops-3",
            "role": "roles/artifactregistry.writer"
          },
          "sensitive_attributes": [],
          "private": "bnVsbA=="
        }
      ]
    },
    {
      "mode": "managed",
      "type": "google_project_iam_member",
      "name": "clouddeploy_developer",
      "provider": "provider[\"registry.terraform.io/hashicorp/google\"]",
      "instances": [
        {
          "schema_version": 0,
          "attributes": {
            "condition": [],
            "etag": "BwYQMWIyZBs=",
            "id": "gab-devops-3/roles/container.developer/serviceAccount:32923329863-compute@developer.gserviceaccount.com",
            "member": "serviceAccount:32923329863-compute@developer.gserviceaccount.com",
            "project": "gab-devops-3",
            "role": "roles/container.developer"
          },
          "sensitive_attributes": [],
          "private": "bnVsbA=="
        }
      ]
    },
    {
      "mode": "managed",
      "type": "google_project_iam_member",
      "name": "clouddeploy_developer_prod",
      "provider": "provider[\"registry.terraform.io/hashicorp/google\"]",
      "instances": [
        {
          "schema_version": 0,
          "attributes": {
            "condition": [],
            "etag": "BwYQMWIyZBs=",
            "id": "gab-devops-3/roles/container.developer/serviceAccount:32923329863-compute@developer.gserviceaccount.com",
            "member": "serviceAccount:32923329863-compute@developer.gserviceaccount.com",
            "project": "gab-devops-3",
            "role": "roles/container.developer"
          },
          "sensitive_attributes": [],
          "private": "bnVsbA=="
        }
      ]
    },
    {
      "mode": "managed",
      "type": "google_project_iam_member",
      "name": "clouddeploy_jobrunner",
      "provider": "provider[\"registry.terraform.io/hashicorp/google\"]",
      "instances": [
        {
          "schema_version": 0,
          "attributes": {
            "condition": [],
            "etag": "BwYQMWIyZBs=",
            "id": "gab-devops-3/roles/clouddeploy.jobRunner/serviceAccount:32923329863-compute@developer.gserviceaccount.com",
            "member": "serviceAccount:32923329863-compute@developer.gserviceaccount.com",
            "project": "gab-devops-3",
            "role": "roles/clouddeploy.jobRunner"
          },
          "sensitive_attributes": [],
          "private": "bnVsbA=="
        }
      ]
    },
    {
      "mode": "managed",
      "type": "google_project_iam_member",
      "name": "clouddeploy_jobrunner_prod",
      "provider": "provider[\"registry.terraform.io/hashicorp/google\"]",
      "instances": [
        {
          "schema_version": 0,
          "attributes": {
            "condition": [],
            "etag": "BwYQMWIyZBs=",
            "id": "gab-devops-3/roles/clouddeploy.jobRunner/serviceAccount:32923329863-compute@developer.gserviceaccount.com",
            "member": "serviceAccount:32923329863-compute@developer.gserviceaccount.com",
            "project": "gab-devops-3",
            "role": "roles/clouddeploy.jobRunner"
          },
          "sensitive_attributes": [],
          "private": "bnVsbA=="
        }
      ]
    },
    {
      "mode": "managed",
      "type": "google_project_iam_member",
      "name": "clouddeploy_monitoring_metricWriter_prod",
      "provider": "provider[\"registry.terraform.io/hashicorp/google\"]",
      "instances": [
        {
          "schema_version": 0,
          "attributes": {
            "condition": [],
            "etag": "BwYQMWIyZBs=",
            "id": "gab-devops-3/roles/monitoring.metricWriter/serviceAccount:32923329863-compute@developer.gserviceaccount.com",
            "member": "serviceAccount:32923329863-compute@developer.gserviceaccount.com",
            "project": "gab-devops-3",
            "role": "roles/monitoring.metricWriter"
          },
          "sensitive_attributes": [],
          "private": "bnVsbA=="
        }
      ]
    },
    {
      "mode": "managed",
      "type": "google_project_iam_member",
      "name": "clouddeploy_releaser",
      "provider": "provider[\"registry.terraform.io/hashicorp/google\"]",
      "instances": [
        {
          "schema_version": 0,
          "attributes": {
            "condition": [],
            "etag": "BwYQMWIyZBs=",
            "id": "gab-devops-3/roles/clouddeploy.releaser/serviceAccount:32923329863-compute@developer.gserviceaccount.com",
            "member": "serviceAccount:32923329863-compute@developer.gserviceaccount.com",
            "project": "gab-devops-3",
            "role": "roles/clouddeploy.releaser"
          },
          "sensitive_attributes": [],
          "private": "bnVsbA=="
        }
      ]
    },
    {
      "mode": "managed",
      "type": "google_project_iam_member",
      "name": "clouddeploy_serviceAgent_prod",
      "provider": "provider[\"registry.terraform.io/hashicorp/google\"]",
      "instances": [
        {
          "schema_version": 0,
          "attributes": {
            "condition": [],
            "etag": "BwYQMWIyZBs=",
            "id": "gab-devops-3/roles/run.serviceAgent/serviceAccount:32923329863-compute@developer.gserviceaccount.com",
            "member": "serviceAccount:32923329863-compute@developer.gserviceaccount.com",
            "project": "gab-devops-3",
            "role": "roles/run.serviceAgent"
          },
          "sensitive_attributes": [],
          "private": "bnVsbA=="
        }
      ]
    },
    {
      "mode": "managed",
      "type": "google_project_iam_member",
      "name": "cloudsql_admin",
      "provider": "provider[\"registry.terraform.io/hashicorp/google\"]",
      "instances": [
        {
          "schema_version": 0,
          "attributes": {
            "condition": [],
            "etag": "BwYQMWIyZBs=",
            "id": "gab-devops-3/roles/cloudsql.admin/serviceAccount:32923329863-compute@developer.gserviceaccount.com",
            "member": "serviceAccount:32923329863-compute@developer.gserviceaccount.com",
            "project": "gab-devops-3",
            "role": "roles/cloudsql.admin"
          },
          "sensitive_attributes": [],
          "private": "bnVsbA=="
        }
      ]
    },
    {
      "mode": "managed",
      "type": "google_project_iam_member",
      "name": "cloudsql_client",
      "provider": "provider[\"registry.terraform.io/hashicorp/google\"]",
      "instances": [
        {
          "schema_version": 0,
          "attributes": {
            "condition": [],
            "etag": "BwYQMWIyZBs=",
            "id": "gab-devops-3/roles/cloudsql.client/serviceAccount:32923329863-compute@developer.gserviceaccount.com",
            "member": "serviceAccount:32923329863-compute@developer.gserviceaccount.com",
            "project": "gab-devops-3",
            "role": "roles/cloudsql.client"
          },
          "sensitive_attributes": [],
          "private": "bnVsbA=="
        }
      ]
    },
    {
      "mode": "managed",
      "type": "google_project_iam_member",
      "name": "cloudsql_instanceUser",
      "provider": "provider[\"registry.terraform.io/hashicorp/google\"]",
      "instances": [
        {
          "schema_version": 0,
          "attributes": {
            "condition": [],
            "etag": "BwYQMWIyZBs=",
            "id": "gab-devops-3/roles/cloudsql.instanceUser/serviceAccount:32923329863-compute@developer.gserviceaccount.com",
            "member": "serviceAccount:32923329863-compute@developer.gserviceaccount.com",
            "project": "gab-devops-3",
            "role": "roles/cloudsql.instanceUser"
          },
          "sensitive_attributes": [],
          "private": "bnVsbA=="
        }
      ]
    },
    {
      "mode": "managed",
      "type": "google_project_iam_member",
      "name": "cloudsql_logWriter",
      "provider": "provider[\"registry.terraform.io/hashicorp/google\"]",
      "instances": [
        {
          "schema_version": 0,
          "attributes": {
            "condition": [],
            "etag": "BwYQMWIyZBs=",
            "id": "gab-devops-3/roles/logging.logWriter/serviceAccount:32923329863-compute@developer.gserviceaccount.com",
            "member": "serviceAccount:32923329863-compute@developer.gserviceaccount.com",
            "project": "gab-devops-3",
            "role": "roles/logging.logWriter"
          },
          "sensitive_attributes": [],
          "private": "bnVsbA=="
        }
      ]
    },
    {
      "mode": "managed",
      "type": "google_project_iam_member",
      "name": "llm_sa",
      "provider": "provider[\"registry.terraform.io/hashicorp/google\"]",
      "instances": [
        {
          "schema_version": 0,
          "attributes": {
            "condition": [],
            "etag": "BwYQMWNziK0=",
            "id": "gab-devops-3/roles/aiplatform.user/serviceAccount:llm-sa@gab-devops-3.iam.gserviceaccount.com",
            "member": "serviceAccount:llm-sa@gab-devops-3.iam.gserviceaccount.com",
            "project": "gab-devops-3",
            "role": "roles/aiplatform.user"
          },
          "sensitive_attributes": [],
          "private": "bnVsbA==",
          "dependencies": [
            "google_service_account.llm_sa"
          ]
        }
      ]
    },
    {
      "mode": "managed",
      "type": "google_project_service",
      "name": "project_googleapis_aiplatform",
      "provider": "provider[\"registry.terraform.io/hashicorp/google\"]",
      "instances": [
        {
          "schema_version": 0,
          "attributes": {
            "disable_dependent_services": true,
            "disable_on_destroy": true,
            "id": "gab-devops-3/aiplatform.googleapis.com",
            "project": "gab-devops-3",
            "service": "aiplatform.googleapis.com",
            "timeouts": null
          },
          "sensitive_attributes": [],
          "private": "eyJlMmJmYjczMC1lY2FhLTExZTYtOGY4OC0zNDM2M2JjN2M0YzAiOnsiY3JlYXRlIjoxMjAwMDAwMDAwMDAwLCJkZWxldGUiOjEyMDAwMDAwMDAwMDAsInJlYWQiOjYwMDAwMDAwMDAwMCwidXBkYXRlIjoxMjAwMDAwMDAwMDAwfX0="
        }
      ]
    },
    {
      "mode": "managed",
      "type": "google_project_service",
      "name": "project_googleapis_artifactregistry",
      "provider": "provider[\"registry.terraform.io/hashicorp/google\"]",
      "instances": [
        {
          "schema_version": 0,
          "attributes": {
            "disable_dependent_services": true,
            "disable_on_destroy": true,
            "id": "gab-devops-3/artifactregistry.googleapis.com",
            "project": "gab-devops-3",
            "service": "artifactregistry.googleapis.com",
            "timeouts": null
          },
          "sensitive_attributes": [],
          "private": "eyJlMmJmYjczMC1lY2FhLTExZTYtOGY4OC0zNDM2M2JjN2M0YzAiOnsiY3JlYXRlIjoxMjAwMDAwMDAwMDAwLCJkZWxldGUiOjEyMDAwMDAwMDAwMDAsInJlYWQiOjYwMDAwMDAwMDAwMCwidXBkYXRlIjoxMjAwMDAwMDAwMDAwfX0="
        }
      ]
    },
    {
      "mode": "managed",
      "type": "google_project_service",
      "name": "project_googleapis_clouddeploy",
      "provider": "provider[\"registry.terraform.io/hashicorp/google\"]",
      "instances": [
        {
          "schema_version": 0,
          "attributes": {
            "disable_dependent_services": true,
            "disable_on_destroy": true,
            "id": "gab-devops-3/clouddeploy.googleapis.com",
            "project": "gab-devops-3",
            "service": "clouddeploy.googleapis.com",
            "timeouts": null
          },
          "sensitive_attributes": [],
          "private": "eyJlMmJmYjczMC1lY2FhLTExZTYtOGY4OC0zNDM2M2JjN2M0YzAiOnsiY3JlYXRlIjoxMjAwMDAwMDAwMDAwLCJkZWxldGUiOjEyMDAwMDAwMDAwMDAsInJlYWQiOjYwMDAwMDAwMDAwMCwidXBkYXRlIjoxMjAwMDAwMDAwMDAwfX0="
        }
      ]
    },
    {
      "mode": "managed",
      "type": "google_project_service",
      "name": "project_googleapis_compute",
      "provider": "provider[\"registry.terraform.io/hashicorp/google\"]",
      "instances": [
        {
          "schema_version": 0,
          "attributes": {
            "disable_dependent_services": true,
            "disable_on_destroy": true,
            "id": "gab-devops-3/compute.googleapis.com",
            "project": "gab-devops-3",
            "service": "compute.googleapis.com",
            "timeouts": null
          },
          "sensitive_attributes": [],
          "private": "eyJlMmJmYjczMC1lY2FhLTExZTYtOGY4OC0zNDM2M2JjN2M0YzAiOnsiY3JlYXRlIjoxMjAwMDAwMDAwMDAwLCJkZWxldGUiOjEyMDAwMDAwMDAwMDAsInJlYWQiOjYwMDAwMDAwMDAwMCwidXBkYXRlIjoxMjAwMDAwMDAwMDAwfX0="
        }
      ]
    },
    {
      "mode": "managed",
      "type": "google_project_service",
      "name": "project_googleapis_container",
      "provider": "provider[\"registry.terraform.io/hashicorp/google\"]",
      "instances": [
        {
          "schema_version": 0,
          "attributes": {
            "disable_dependent_services": true,
            "disable_on_destroy": true,
            "id": "gab-devops-3/container.googleapis.com",
            "project": "gab-devops-3",
            "service": "container.googleapis.com",
            "timeouts": null
          },
          "sensitive_attributes": [],
          "private": "eyJlMmJmYjczMC1lY2FhLTExZTYtOGY4OC0zNDM2M2JjN2M0YzAiOnsiY3JlYXRlIjoxMjAwMDAwMDAwMDAwLCJkZWxldGUiOjEyMDAwMDAwMDAwMDAsInJlYWQiOjYwMDAwMDAwMDAwMCwidXBkYXRlIjoxMjAwMDAwMDAwMDAwfX0="
        }
      ]
    },
    {
      "mode": "managed",
      "type": "google_service_account",
      "name": "cloudsql-sa",
      "provider": "provider[\"registry.terraform.io/hashicorp/google\"]",
      "instances": [
        {
          "schema_version": 0,
          "attributes": {
            "account_id": "cloudsql-sa",
            "description": "",
            "disabled": false,
            "display_name": "Cloud SQL Service Account",
            "email": "cloudsql-sa@gab-devops-3.iam.gserviceaccount.com",
            "id": "projects/gab-devops-3/serviceAccounts/cloudsql-sa@gab-devops-3.iam.gserviceaccount.com",
            "member": "serviceAccount:cloudsql-sa@gab-devops-3.iam.gserviceaccount.com",
            "name": "projects/gab-devops-3/serviceAccounts/cloudsql-sa@gab-devops-3.iam.gserviceaccount.com",
            "project": "gab-devops-3",
            "timeouts": null,
            "unique_id": "112938517746348238831"
          },
          "sensitive_attributes": [],
          "private": "eyJlMmJmYjczMC1lY2FhLTExZTYtOGY4OC0zNDM2M2JjN2M0YzAiOnsiY3JlYXRlIjozMDAwMDAwMDAwMDB9fQ=="
        }
      ]
    },
    {
      "mode": "managed",
      "type": "google_service_account",
      "name": "flagger",
      "provider": "provider[\"registry.terraform.io/hashicorp/google\"]",
      "instances": [
        {
          "schema_version": 0,
          "attributes": {
            "account_id": "flagger",
            "description": "",
            "disabled": false,
            "display_name": "Flagger Service Account",
            "email": "flagger@gab-devops-3.iam.gserviceaccount.com",
            "id": "projects/gab-devops-3/serviceAccounts/flagger@gab-devops-3.iam.gserviceaccount.com",
            "member": "serviceAccount:flagger@gab-devops-3.iam.gserviceaccount.com",
            "name": "projects/gab-devops-3/serviceAccounts/flagger@gab-devops-3.iam.gserviceaccount.com",
            "project": "gab-devops-3",
            "timeouts": null,
            "unique_id": "101152279955677949605"
          },
          "sensitive_attributes": [],
          "private": "eyJlMmJmYjczMC1lY2FhLTExZTYtOGY4OC0zNDM2M2JjN2M0YzAiOnsiY3JlYXRlIjozMDAwMDAwMDAwMDB9fQ=="
        }
      ]
    },
    {
      "mode": "managed",
      "type": "google_service_account",
      "name": "llm_sa",
      "provider": "provider[\"registry.terraform.io/hashicorp/google\"]",
      "instances": [
        {
          "schema_version": 0,
          "attributes": {
            "account_id": "llm-sa",
            "description": "",
            "disabled": false,
            "display_name": "LLM Service Account",
            "email": "llm-sa@gab-devops-3.iam.gserviceaccount.com",
            "id": "projects/gab-devops-3/serviceAccounts/llm-sa@gab-devops-3.iam.gserviceaccount.com",
            "member": "serviceAccount:llm-sa@gab-devops-3.iam.gserviceaccount.com",
            "name": "projects/gab-devops-3/serviceAccounts/llm-sa@gab-devops-3.iam.gserviceaccount.com",
            "project": "gab-devops-3",
            "timeouts": null,
            "unique_id": "107358367351841250164"
          },
          "sensitive_attributes": [],
          "private": "eyJlMmJmYjczMC1lY2FhLTExZTYtOGY4OC0zNDM2M2JjN2M0YzAiOnsiY3JlYXRlIjozMDAwMDAwMDAwMDB9fQ=="
        }
      ]
    },
    {
      "mode": "managed",
      "type": "google_service_account_iam_binding",
      "name": "flagger",
      "provider": "provider[\"registry.terraform.io/hashicorp/google\"]",
      "instances": [
        {
          "schema_version": 0,
          "attributes": {
            "condition": [],
            "etag": "BwYQMByJInU=",
            "id": "projects/gab-devops-3/serviceAccounts/flagger@gab-devops-3.iam.gserviceaccount.com/roles/iam.workloadIdentityUser",
            "members": [
              "serviceAccount:gab-devops-3.svc.id.goog[flagger-system/flagger]"
            ],
            "role": "roles/iam.workloadIdentityUser",
            "service_account_id": "projects/gab-devops-3/serviceAccounts/flagger@gab-devops-3.iam.gserviceaccount.com"
          },
          "sensitive_attributes": [],
          "private": "bnVsbA==",
          "dependencies": [
            "google_service_account.flagger"
          ]
        }
      ]
    },
    {
      "mode": "managed",
      "type": "google_sql_database",
      "name": "quotes-app-db",
      "provider": "provider[\"registry.terraform.io/hashicorp/google\"]",
      "instances": [
        {
          "schema_version": 0,
          "attributes": {
            "charset": "UTF8",
            "collation": "en_US.UTF8",
            "deletion_policy": "DELETE",
            "id": "projects/gab-devops-3/instances/devopsdemo-instance/databases/quotes-app-db",
            "instance": "devopsdemo-instance",
            "name": "quotes-app-db",
            "project": "gab-devops-3",
            "self_link": "https://sqladmin.googleapis.com/sql/v1beta4/projects/gab-devops-3/instances/devopsdemo-instance/databases/quotes-app-db",
            "timeouts": null
          },
          "sensitive_attributes": [],
          "private": "eyJlMmJmYjczMC1lY2FhLTExZTYtOGY4OC0zNDM2M2JjN2M0YzAiOnsiY3JlYXRlIjoxMjAwMDAwMDAwMDAwLCJkZWxldGUiOjEyMDAwMDAwMDAwMDAsInVwZGF0ZSI6MTIwMDAwMDAwMDAwMH19",
          "dependencies": [
            "google_sql_database_instance.devopsdemo-instance"
          ]
        }
      ]
    },
    {
      "mode": "managed",
      "type": "google_sql_database_instance",
      "name": "devopsdemo-instance",
      "provider": "provider[\"registry.terraform.io/hashicorp/google\"]",
      "instances": [
        {
          "schema_version": 0,
          "attributes": {
            "available_maintenance_versions": [],
            "clone": [],
            "connection_name": "gab-devops-3:us-central1:devopsdemo-instance",
            "database_version": "POSTGRES_14",
            "deletion_protection": true,
            "dns_name": "",
            "encryption_key_name": null,
            "first_ip_address": "34.136.2.146",
            "id": "devopsdemo-instance",
            "instance_type": "CLOUD_SQL_INSTANCE",
            "ip_address": [
              {
                "ip_address": "34.136.2.146",
                "time_to_retire": "",
                "type": "PRIMARY"
              },
              {
                "ip_address": "34.134.150.108",
                "time_to_retire": "",
                "type": "OUTGOING"
              }
            ],
            "maintenance_version": "POSTGRES_14_9.R20230830.01_07",
            "master_instance_name": "",
            "name": "devopsdemo-instance",
            "private_ip_address": "",
            "project": "gab-devops-3",
            "psc_service_attachment_link": "",
            "public_ip_address": "34.136.2.146",
            "region": "us-central1",
            "replica_configuration": [],
            "restore_backup_context": [],
            "root_password": null,
            "self_link": "https://sqladmin.googleapis.com/sql/v1beta4/projects/gab-devops-3/instances/devopsdemo-instance",
            "server_ca_cert": [
              {
                "cert": "-----BEGIN CERTIFICATE-----\nMIIDfzCCAmegAwIBAgIBADANBgkqhkiG9w0BAQsFADB3MS0wKwYDVQQuEyQzOTI4\nM2JmNi04NWFmLTQzOWMtOTJjNy1mMDMxNGY0YjljYTQxIzAhBgNVBAMTGkdvb2ds\nZSBDbG91ZCBTUUwgU2VydmVyIENBMRQwEgYDVQQKEwtHb29nbGUsIEluYzELMAkG\nA1UEBhMCVVMwHhcNMjQwMTMwMTk0NjA2WhcNMzQwMTI3MTk0NzA2WjB3MS0wKwYD\nVQQuEyQzOTI4M2JmNi04NWFmLTQzOWMtOTJjNy1mMDMxNGY0YjljYTQxIzAhBgNV\nBAMTGkdvb2dsZSBDbG91ZCBTUUwgU2VydmVyIENBMRQwEgYDVQQKEwtHb29nbGUs\nIEluYzELMAkGA1UEBhMCVVMwggEiMA0GCSqGSIb3DQEBAQUAA4IBDwAwggEKAoIB\nAQC7JC1p1dHExlsOJgnbf8Zs5C/YCTLuzr5seToN/QrH3EYOYKmy9d1ewV2Ok1rA\nN6rgEIh+ffSr7/YYXhUO7cOJE1xGrxPApm3Doj57jOC1IT+fnpEM7K4RYE1sbgdE\n2LJrZcCdn8uzFvxpJxpSMEs8BgeQiVBLxVC2Z+FQdn+kLO8drhvzqCekG/45+TMg\naqQb5W8UdR5+V32lpM30bbstqXKqBtCfZvlSIGQ4TdMvNE8U9O7pfVM3BFuGBVgT\nWhEcz08I9lfWFgnq3BYUS0zvuRrYzovaFGUFcLGJ9VrYr8FLwLG6cG4iL6UM4ILz\nthPSn9DIophttDboAjDyQ7x5AgMBAAGjFjAUMBIGA1UdEwEB/wQIMAYBAf8CAQAw\nDQYJKoZIhvcNAQELBQADggEBACl97Gq99QHJDRJb+WLRuhIrT4H3cUNSlbZcmZf3\nSwyWfJ1f+caKG/gFCgvXwpFX7Cm9ISiWoVrUOLYP98TABaN/uwWJNV9nxDQ+5SpI\nZVln+BzWkDVs61HEUuSpHVPWzKLrPXwNFtW6nbZN9U6DvGVzFr4Er5dlRNpg16Ns\nuBfjIBaovh/z3ZKvbAyx5hvzwEXPWePiGExEOlellitS5K43V4cYxLHBmdMEZsI8\nuOdZSsa9GR08LAPXfxwCXMTkmNuoAoMA+I3aWwHKRec35n+IpONBut5XD5yvlXn/\n5sI/YIZorRjAhBdgtR8TO3cxPNkHDc7NzlhZUG5Wbeleqzw=\n-----END CERTIFICATE-----",
                "common_name": "C=US,O=Google\\, Inc,CN=Google Cloud SQL Server CA,dnQualifier=39283bf6-85af-439c-92c7-f0314f4b9ca4",
                "create_time": "2024-01-30T19:46:06.993Z",
                "expiration_time": "2034-01-27T19:47:06.993Z",
                "sha1_fingerprint": "63493e241e077422f36b59c9ac55d960d59441cc"
              }
            ],
            "service_account_email_address": "p32923329863-ryuij0@gcp-sa-cloud-sql.iam.gserviceaccount.com",
            "settings": [
              {
                "activation_policy": "ALWAYS",
                "active_directory_config": [],
                "advanced_machine_features": [],
                "availability_type": "ZONAL",
                "backup_configuration": [
                  {
                    "backup_retention_settings": [
                      {
                        "retained_backups": 7,
                        "retention_unit": "COUNT"
                      }
                    ],
                    "binary_log_enabled": false,
                    "enabled": false,
                    "location": "",
                    "point_in_time_recovery_enabled": false,
                    "start_time": "05:00",
                    "transaction_log_retention_days": 7
                  }
                ],
                "collation": "",
                "connector_enforcement": "NOT_REQUIRED",
                "data_cache_config": [],
                "database_flags": [],
                "deletion_protection_enabled": false,
                "deny_maintenance_period": [],
                "disk_autoresize": true,
                "disk_autoresize_limit": 0,
                "disk_size": 10,
                "disk_type": "PD_SSD",
                "edition": "ENTERPRISE",
                "insights_config": [],
                "ip_configuration": [
                  {
                    "allocated_ip_range": "",
                    "authorized_networks": [],
                    "enable_private_path_for_google_cloud_services": false,
                    "ipv4_enabled": true,
                    "private_network": "",
                    "psc_config": [],
                    "require_ssl": false,
                    "ssl_mode": ""
                  }
                ],
                "location_preference": [
                  {
                    "follow_gae_application": "",
                    "secondary_zone": "",
                    "zone": "us-central1-c"
                  }
                ],
                "maintenance_window": [],
                "password_validation_policy": [],
                "pricing_plan": "PER_USE",
                "sql_server_audit_config": [],
                "tier": "db-f1-micro",
                "time_zone": "",
                "user_labels": {},
                "version": 2
              }
            ],
            "timeouts": null
          },
          "sensitive_attributes": [],
          "private": "eyJlMmJmYjczMC1lY2FhLTExZTYtOGY4OC0zNDM2M2JjN2M0YzAiOnsiY3JlYXRlIjoyNDAwMDAwMDAwMDAwLCJkZWxldGUiOjE4MDAwMDAwMDAwMDAsInVwZGF0ZSI6MTgwMDAwMDAwMDAwMH19"
        }
      ]
    },
    {
      "mode": "managed",
      "type": "google_sql_user",
      "name": "iam_service_account_user",
      "provider": "provider[\"registry.terraform.io/hashicorp/google\"]",
      "instances": [
        {
          "schema_version": 1,
          "attributes": {
            "deletion_policy": null,
            "host": "",
            "id": "cloudsql-sa@gab-devops-3.iam//devopsdemo-instance",
            "instance": "devopsdemo-instance",
            "name": "cloudsql-sa@gab-devops-3.iam",
            "password": null,
            "password_policy": [],
            "project": "gab-devops-3",
            "sql_server_user_details": [],
            "timeouts": null,
            "type": "CLOUD_IAM_SERVICE_ACCOUNT"
          },
          "sensitive_attributes": [],
          "private": "eyJlMmJmYjczMC1lY2FhLTExZTYtOGY4OC0zNDM2M2JjN2M0YzAiOnsiY3JlYXRlIjo2MDAwMDAwMDAwMDAsImRlbGV0ZSI6NjAwMDAwMDAwMDAwLCJ1cGRhdGUiOjYwMDAwMDAwMDAwMH0sInNjaGVtYV92ZXJzaW9uIjoiMSJ9",
          "dependencies": [
            "google_service_account.cloudsql-sa",
            "google_sql_database_instance.devopsdemo-instance"
          ]
        }
      ]
    }
  ],
  "check_results": null
}
