{
  "version": 4,
  "terraform_version": "1.7.1",
  "serial": 44,
  "lineage": "3ad57700-8d28-ca75-906f-afcfd2edc2a5",
  "outputs": {},
  "resources": [
    {
      "mode": "managed",
      "type": "google_artifact_registry_repository",
      "name": "devopsdemo1npm",
      "provider": "provider[\"registry.terraform.io/hashicorp/google\"]",
      "instances": [
        {
          "schema_version": 0,
          "attributes": {
            "create_time": "2024-01-31T16:43:04.745380Z",
            "description": "Node repository",
            "docker_config": [],
            "effective_labels": {},
            "format": "NPM",
            "id": "projects/inner-melody-412916/locations/us-central1/repositories/devopsdemo1npm",
            "kms_key_name": "",
            "labels": {},
            "location": "us-central1",
            "maven_config": [],
            "mode": "STANDARD_REPOSITORY",
            "name": "devopsdemo1npm",
            "project": "inner-melody-412916",
            "remote_repository_config": [],
            "repository_id": "devopsdemo1npm",
            "terraform_labels": {},
            "timeouts": null,
            "update_time": "2024-01-31T16:43:04.745380Z",
            "virtual_repository_config": []
          },
          "sensitive_attributes": [],
          "private": "eyJlMmJmYjczMC1lY2FhLTExZTYtOGY4OC0zNDM2M2JjN2M0YzAiOnsiY3JlYXRlIjoxMjAwMDAwMDAwMDAwLCJkZWxldGUiOjEyMDAwMDAwMDAwMDAsInVwZGF0ZSI6MTIwMDAwMDAwMDAwMH19",
          "dependencies": [
            "google_project_service.project_googleapis_container"
          ]
        }
      ]
    },
    {
      "mode": "managed",
      "type": "google_artifact_registry_repository",
      "name": "devopsdemo1repo",
      "provider": "provider[\"registry.terraform.io/hashicorp/google\"]",
      "instances": [
        {
          "schema_version": 0,
          "attributes": {
            "create_time": "2024-01-31T16:43:04.641713Z",
            "description": "Docker repository",
            "docker_config": [],
            "effective_labels": {},
            "format": "DOCKER",
            "id": "projects/inner-melody-412916/locations/us-central1/repositories/devopsdemo1repo",
            "kms_key_name": "",
            "labels": {},
            "location": "us-central1",
            "maven_config": [],
            "mode": "STANDARD_REPOSITORY",
            "name": "devopsdemo1repo",
            "project": "inner-melody-412916",
            "remote_repository_config": [],
            "repository_id": "devopsdemo1repo",
            "terraform_labels": {},
            "timeouts": null,
            "update_time": "2024-01-31T16:43:04.641713Z",
            "virtual_repository_config": []
          },
          "sensitive_attributes": [],
          "private": "eyJlMmJmYjczMC1lY2FhLTExZTYtOGY4OC0zNDM2M2JjN2M0YzAiOnsiY3JlYXRlIjoxMjAwMDAwMDAwMDAwLCJkZWxldGUiOjEyMDAwMDAwMDAwMDAsInVwZGF0ZSI6MTIwMDAwMDAwMDAwMH19",
          "dependencies": [
            "google_project_service.project_googleapis_container"
          ]
        }
      ]
    },
    {
      "mode": "managed",
      "type": "google_compute_managed_ssl_certificate",
      "name": "gab-dev-certificate",
      "provider": "provider[\"registry.terraform.io/hashicorp/google\"]",
      "instances": [
        {
          "schema_version": 0,
          "attributes": {
            "certificate_id": 3412374068389201535,
            "creation_timestamp": "2024-01-31T08:42:56.239-08:00",
            "description": "",
            "expire_time": "",
            "id": "projects/inner-melody-412916/global/sslCertificates/gab-dev-certificate",
            "managed": [
              {
                "domains": [
                  "app.dev.gabrielbechara.com"
                ]
              }
            ],
            "name": "gab-dev-certificate",
            "project": "inner-melody-412916",
            "self_link": "https://www.googleapis.com/compute/v1/projects/inner-melody-412916/global/sslCertificates/gab-dev-certificate",
            "subject_alternative_names": [],
            "timeouts": null,
            "type": "MANAGED"
          },
          "sensitive_attributes": [],
          "private": "eyJlMmJmYjczMC1lY2FhLTExZTYtOGY4OC0zNDM2M2JjN2M0YzAiOnsiY3JlYXRlIjoxODAwMDAwMDAwMDAwLCJkZWxldGUiOjE4MDAwMDAwMDAwMDB9fQ==",
          "dependencies": [
            "google_project_service.project_googleapis_compute"
          ]
        }
      ]
    },
    {
      "mode": "managed",
      "type": "google_compute_managed_ssl_certificate",
      "name": "gab-prod-certificate",
      "provider": "provider[\"registry.terraform.io/hashicorp/google\"]",
      "instances": [
        {
          "schema_version": 0,
          "attributes": {
            "certificate_id": 2818416370941150840,
            "creation_timestamp": "2024-01-31T08:43:03.500-08:00",
            "description": "",
            "expire_time": "",
            "id": "projects/inner-melody-412916/global/sslCertificates/gab-prod-certificate",
            "managed": [
              {
                "domains": [
                  "app.prod.gabrielbechara.com"
                ]
              }
            ],
            "name": "gab-prod-certificate",
            "project": "inner-melody-412916",
            "self_link": "https://www.googleapis.com/compute/v1/projects/inner-melody-412916/global/sslCertificates/gab-prod-certificate",
            "subject_alternative_names": [],
            "timeouts": null,
            "type": "MANAGED"
          },
          "sensitive_attributes": [],
          "private": "eyJlMmJmYjczMC1lY2FhLTExZTYtOGY4OC0zNDM2M2JjN2M0YzAiOnsiY3JlYXRlIjoxODAwMDAwMDAwMDAwLCJkZWxldGUiOjE4MDAwMDAwMDAwMDB9fQ==",
          "dependencies": [
            "google_project_service.project_googleapis_compute"
          ]
        }
      ]
    },
    {
      "mode": "managed",
      "type": "google_compute_managed_ssl_certificate",
      "name": "llm_dev_certificate",
      "provider": "provider[\"registry.terraform.io/hashicorp/google\"]",
      "instances": [
        {
          "schema_version": 0,
          "attributes": {
            "certificate_id": 2162901741917947519,
            "creation_timestamp": "2024-01-31T08:42:56.645-08:00",
            "description": "",
            "expire_time": "",
            "id": "projects/inner-melody-412916/global/sslCertificates/llm-dev-certificate",
            "managed": [
              {
                "domains": [
                  "llm.dev.gabrielbechara.com"
                ]
              }
            ],
            "name": "llm-dev-certificate",
            "project": "inner-melody-412916",
            "self_link": "https://www.googleapis.com/compute/v1/projects/inner-melody-412916/global/sslCertificates/llm-dev-certificate",
            "subject_alternative_names": [],
            "timeouts": null,
            "type": "MANAGED"
          },
          "sensitive_attributes": [],
          "private": "eyJlMmJmYjczMC1lY2FhLTExZTYtOGY4OC0zNDM2M2JjN2M0YzAiOnsiY3JlYXRlIjoxODAwMDAwMDAwMDAwLCJkZWxldGUiOjE4MDAwMDAwMDAwMDB9fQ==",
          "dependencies": [
            "google_project_service.project_googleapis_compute"
          ]
        }
      ]
    },
    {
      "mode": "managed",
      "type": "google_compute_managed_ssl_certificate",
      "name": "llm_prod_certificate",
      "provider": "provider[\"registry.terraform.io/hashicorp/google\"]",
      "instances": [
        {
          "schema_version": 0,
          "attributes": {
            "certificate_id": 6894981603527214706,
            "creation_timestamp": "2024-01-31T08:43:09.993-08:00",
            "description": "",
            "expire_time": "",
            "id": "projects/inner-melody-412916/global/sslCertificates/llm-prod-certificate",
            "managed": [
              {
                "domains": [
                  "llm.prod.gabrielbechara.com"
                ]
              }
            ],
            "name": "llm-prod-certificate",
            "project": "inner-melody-412916",
            "self_link": "https://www.googleapis.com/compute/v1/projects/inner-melody-412916/global/sslCertificates/llm-prod-certificate",
            "subject_alternative_names": [],
            "timeouts": null,
            "type": "MANAGED"
          },
          "sensitive_attributes": [],
          "private": "eyJlMmJmYjczMC1lY2FhLTExZTYtOGY4OC0zNDM2M2JjN2M0YzAiOnsiY3JlYXRlIjoxODAwMDAwMDAwMDAwLCJkZWxldGUiOjE4MDAwMDAwMDAwMDB9fQ==",
          "dependencies": [
            "google_project_service.project_googleapis_compute"
          ]
        }
      ]
    },
    {
      "mode": "managed",
      "type": "google_compute_network",
      "name": "default",
      "provider": "provider[\"registry.terraform.io/hashicorp/google\"]",
      "instances": [
        {
          "schema_version": 0,
          "attributes": {
            "auto_create_subnetworks": true,
            "delete_default_routes_on_create": false,
            "description": "",
            "enable_ula_internal_ipv6": false,
            "gateway_ipv4": "",
            "id": "projects/inner-melody-412916/global/networks/default",
            "internal_ipv6_range": "",
            "mtu": 0,
            "name": "default",
            "network_firewall_policy_enforcement_order": "AFTER_CLASSIC_FIREWALL",
            "project": "inner-melody-412916",
            "routing_mode": "REGIONAL",
            "self_link": "https://www.googleapis.com/compute/v1/projects/inner-melody-412916/global/networks/default",
            "timeouts": null
          },
          "sensitive_attributes": [],
          "private": "eyJlMmJmYjczMC1lY2FhLTExZTYtOGY4OC0zNDM2M2JjN2M0YzAiOnsiY3JlYXRlIjoxMjAwMDAwMDAwMDAwLCJkZWxldGUiOjEyMDAwMDAwMDAwMDAsInVwZGF0ZSI6MTIwMDAwMDAwMDAwMH19",
          "dependencies": [
            "google_project_service.project_googleapis_compute"
          ]
        }
      ]
    },
    {
      "mode": "managed",
      "type": "google_compute_subnetwork",
      "name": "proxy",
      "provider": "provider[\"registry.terraform.io/hashicorp/google\"]",
      "instances": [
        {
          "schema_version": 0,
          "attributes": {
            "creation_timestamp": "2024-01-31T08:44:06.594-08:00",
            "description": "",
            "external_ipv6_prefix": "",
            "fingerprint": null,
            "gateway_address": "10.103.0.1",
            "id": "projects/inner-melody-412916/regions/us-central1/subnetworks/proxy",
            "internal_ipv6_prefix": "",
            "ip_cidr_range": "10.103.0.0/23",
            "ipv6_access_type": "",
            "ipv6_cidr_range": "",
            "log_config": [],
            "name": "proxy",
            "network": "https://www.googleapis.com/compute/v1/projects/inner-melody-412916/global/networks/default",
            "private_ip_google_access": false,
            "private_ipv6_google_access": "DISABLE_GOOGLE_ACCESS",
            "project": "inner-melody-412916",
            "purpose": "REGIONAL_MANAGED_PROXY",
            "region": "us-central1",
            "role": "ACTIVE",
            "secondary_ip_range": [],
            "self_link": "https://www.googleapis.com/compute/v1/projects/inner-melody-412916/regions/us-central1/subnetworks/proxy",
            "stack_type": "",
            "timeouts": null
          },
          "sensitive_attributes": [],
          "private": "eyJlMmJmYjczMC1lY2FhLTExZTYtOGY4OC0zNDM2M2JjN2M0YzAiOnsiY3JlYXRlIjoxMjAwMDAwMDAwMDAwLCJkZWxldGUiOjEyMDAwMDAwMDAwMDAsInVwZGF0ZSI6MTIwMDAwMDAwMDAwMH19",
          "dependencies": [
            "google_compute_network.default",
            "google_project_service.project_googleapis_compute"
          ]
        }
      ]
    },
    {
      "mode": "managed",
      "type": "google_container_cluster",
      "name": "example_cluster",
      "provider": "provider[\"registry.terraform.io/hashicorp/google\"]",
      "instances": [
        {
          "schema_version": 2,
          "attributes": {
            "addons_config": [
              {
                "cloudrun_config": [],
                "config_connector_config": [],
                "dns_cache_config": [],
                "gce_persistent_disk_csi_driver_config": [
                  {
                    "enabled": true
                  }
                ],
                "gcp_filestore_csi_driver_config": [],
                "gcs_fuse_csi_driver_config": [],
                "gke_backup_agent_config": [],
                "horizontal_pod_autoscaling": [
                  {
                    "disabled": false
                  }
                ],
                "http_load_balancing": [
                  {
                    "disabled": false
                  }
                ],
                "network_policy_config": [
                  {
                    "disabled": true
                  }
                ]
              }
            ],
            "allow_net_admin": null,
            "authenticator_groups_config": [],
            "binary_authorization": [
              {
                "enabled": false,
                "evaluation_mode": ""
              }
            ],
            "cluster_autoscaling": [
              {
                "auto_provisioning_defaults": [],
                "enabled": false,
                "resource_limits": []
              }
            ],
            "cluster_ipv4_cidr": "10.72.0.0/14",
            "confidential_nodes": [],
            "cost_management_config": [],
            "database_encryption": [
              {
                "key_name": "",
                "state": "DECRYPTED"
              }
            ],
            "datapath_provider": "",
            "default_max_pods_per_node": 30,
            "default_snat_status": [
              {
                "disabled": false
              }
            ],
            "deletion_protection": true,
            "description": "",
            "dns_config": [],
            "enable_autopilot": false,
            "enable_intranode_visibility": false,
            "enable_k8s_beta_apis": [],
            "enable_kubernetes_alpha": false,
            "enable_l4_ilb_subsetting": false,
            "enable_legacy_abac": false,
            "enable_shielded_nodes": true,
            "enable_tpu": false,
            "endpoint": "104.198.180.5",
            "fleet": [],
            "gateway_api_config": [
              {
                "channel": "CHANNEL_STANDARD"
              }
            ],
            "id": "projects/inner-melody-412916/locations/us-central1-a/clusters/example-cluster",
            "identity_service_config": [],
            "initial_node_count": 1,
            "ip_allocation_policy": [
              {
                "additional_pod_ranges_config": [],
                "cluster_ipv4_cidr_block": "10.72.0.0/14",
                "cluster_secondary_range_name": "gke-example-cluster-pods-b2112880",
                "pod_cidr_overprovision_config": [
                  {
                    "disabled": false
                  }
                ],
                "services_ipv4_cidr_block": "10.76.0.0/20",
                "services_secondary_range_name": "gke-example-cluster-services-b2112880",
                "stack_type": "IPV4"
              }
            ],
            "label_fingerprint": "a9dc16a7",
            "location": "us-central1-a",
            "logging_config": [
              {
                "enable_components": [
                  "SYSTEM_COMPONENTS",
                  "WORKLOADS"
                ]
              }
            ],
            "logging_service": "logging.googleapis.com/kubernetes",
            "maintenance_policy": [],
            "master_auth": [
              {
                "client_certificate": "",
                "client_certificate_config": [
                  {
                    "issue_client_certificate": false
                  }
                ],
                "client_key": "",
                "cluster_ca_certificate": "LS0tLS1CRUdJTiBDRVJUSUZJQ0FURS0tLS0tCk1JSUVMRENDQXBTZ0F3SUJBZ0lRZTMyM1RTcHpRQnFaakNVQTlBYWlIekFOQmdrcWhraUc5dzBCQVFzRkFEQXYKTVMwd0t3WURWUVFERXlSaU1ETTVNRGMyWlMxak56UmlMVFJrTUdJdE9UaGtNeTA0WVRBek5tVXpORFF4TTJJdwpJQmNOTWpRd01UTXhNVFl5T1RBNFdoZ1BNakExTkRBeE1qTXhOekk1TURoYU1DOHhMVEFyQmdOVkJBTVRKR0l3Ck16a3dOelpsTFdNM05HSXROR1F3WWkwNU9HUXpMVGhoTURNMlpUTTBOREV6WWpDQ0FhSXdEUVlKS29aSWh2Y04KQVFFQkJRQURnZ0dQQURDQ0FZb0NnZ0dCQUpaTDVsTU9mVFNUVC9qV2xVOXN6SFl2QkU1QUVJeURpVEhFWCszMApVSHFqcndNYXZpd0N1Q0ZOdFVTSWFIeXJ5NlMyZmZwcVJDZnluZFRPczBOZ0FKV3ZXMDUyemtjU1FXalAyemp6ClhzMk1rWnYyRnZkb0x2Y213LzR0YUgxZXZYSXZuRGUvYzNCZ1FTcXFiRGs1NERGSDVzenh6SDNXRVQ5L0k0VE8KQWt4bU44WktROFZ3QURoc2R1WVV5UGNJRzdKaWc2RTFmSVErUktxTEhxWTNBN1JhZEVzTzBWUnJBaDVoS2VscQpMcnFuM3k3dnF3cjdNVysxL2VrOC80SU9TVW1uZVhWNW1VYzdoekxjc0xtcVZrd1lscldkY2VORHd3VUxVbHVYClpiUWZ6VlBjMlp3ZmpWS1M0ZUhKUExjcDY1Ri9SM2hUeTVDYVVNTXhIUGt4cE5iQXpzVkIrMmU0aG1aWi9iR2oKbi8zWDBsS3EreHBiRHU5cE5KUm90WElFWTI4c0tDMnNqUjl1STliYXZvMmJYbHczNnFRMmJ6TXY3WmpLODB1MwphWGNFN1YyQUgzYmJiOHVBRGE3VVRKL1BYdHB5Q05BTGZOMDNsMUZFQmMxTHRzUmt6clBZdVJIM3dvQmswSStPCktUejRhL1ZkYkZ6aFlkYlJmQytzRGJKWkd3SURBUUFCbzBJd1FEQU9CZ05WSFE4QkFmOEVCQU1DQWdRd0R3WUQKVlIwVEFRSC9CQVV3QXdFQi96QWRCZ05WSFE0RUZnUVVYd0VBeWNZbXZJK0N1ZlJNdTFsZWRydjZiTmt3RFFZSgpLb1pJaHZjTkFRRUxCUUFEZ2dHQkFEaVJSRjRILzd6Z3IxcXFZVW9zMlBUVWxQYjdRWDZpL2xHSnJmbXU5Y3ZzCllpcWZHZUkxNm1JNEZGV21GNjlpbnhFQVF2VDk3QnQ2WVdZNDVWa0U1LzFDNGR1c3lURTAyQy9KTWtPakYzaWIKOU5iTlpjNkY3NUord3o4c1ZlVGRQc1NOSnpTUnR0Nzl4ME1zZng5cHZ6NWpvWXdlQkIvNEc1dGxyOTQzUGNlYgpJbmt0VXFMbjJTczFoYXlOVTBkZ1ZUTytHK0FVSDQ2SzI5cGMxSWJEV3ovUlFQekFNZXpnM1FDQ3gzRlZZMkI3CmV3R0tkK0QwbnZMUWlLWFFNdkR6Tmwvd292QzA3aXcrYjVTdWFUNm9WaEJFOEJpdGpvc0luWFBnKyswcSs0VFkKRzI2ZGUreXovTzhyVGdhRGhmY0tjZU4zL2xqS1JvRDhFVW11bmpZTDUxODRQMWNMSmUwSVFBNnhkU0g5WG40UQoxRU0rRXpOVHlIZU9VYnlLeHY0WHdxOFZNM0JkNnNNVXFOMWMwYytYWWFDa3A5ckNweDZ2UTFVSHJCQ0FpTHp5Cmx0Uzk1akp2VVVZSE9IbmhyMGdjM2dYcEtXbC9jMjVRZ1J5dXZqT2xlTTNDbjVmUitDTk1jVmZBWEFKaGtnSGMKOXkyM0xVSUdKdUZOMnpqRDh4VjJUdz09Ci0tLS0tRU5EIENFUlRJRklDQVRFLS0tLS0K"
              }
            ],
            "master_authorized_networks_config": [],
            "master_version": "1.28.3-gke.1286000",
            "mesh_certificates": [],
            "min_master_version": "latest",
            "monitoring_config": [
              {
                "advanced_datapath_observability_config": [
                  {
                    "enable_metrics": false,
                    "relay_mode": ""
                  }
                ],
                "enable_components": [],
                "managed_prometheus": [
                  {
                    "enabled": true
                  }
                ]
              }
            ],
            "monitoring_service": "none",
            "name": "example-cluster",
            "network": "projects/inner-melody-412916/global/networks/default",
            "network_policy": [
              {
                "enabled": false,
                "provider": "PROVIDER_UNSPECIFIED"
              }
            ],
            "networking_mode": "VPC_NATIVE",
            "node_config": [],
            "node_locations": [],
            "node_pool": [],
            "node_pool_auto_config": [],
            "node_pool_defaults": [
              {
                "node_config_defaults": [
                  {
                    "logging_variant": "DEFAULT"
                  }
                ]
              }
            ],
            "node_version": "1.28.3-gke.1286000",
            "notification_config": [
              {
                "pubsub": [
                  {
                    "enabled": false,
                    "filter": [],
                    "topic": ""
                  }
                ]
              }
            ],
            "operation": null,
            "private_cluster_config": [
              {
                "enable_private_endpoint": false,
                "enable_private_nodes": false,
                "master_global_access_config": [
                  {
                    "enabled": false
                  }
                ],
                "master_ipv4_cidr_block": "",
                "peering_name": "",
                "private_endpoint": "10.128.0.9",
                "private_endpoint_subnetwork": "",
                "public_endpoint": "104.198.180.5"
              }
            ],
            "private_ipv6_google_access": "",
            "project": "inner-melody-412916",
            "release_channel": [
              {
                "channel": "REGULAR"
              }
            ],
            "remove_default_node_pool": true,
            "resource_labels": null,
            "resource_usage_export_config": [],
            "security_posture_config": [
              {
                "mode": "BASIC",
                "vulnerability_mode": "VULNERABILITY_MODE_UNSPECIFIED"
              }
            ],
            "self_link": "https://container.googleapis.com/v1/projects/inner-melody-412916/zones/us-central1-a/clusters/example-cluster",
            "service_external_ips_config": [
              {
                "enabled": false
              }
            ],
            "services_ipv4_cidr": "10.76.0.0/20",
            "subnetwork": "projects/inner-melody-412916/regions/us-central1/subnetworks/default",
            "timeouts": null,
            "tpu_ipv4_cidr_block": "",
            "vertical_pod_autoscaling": [],
            "workload_identity_config": [
              {
                "workload_pool": "inner-melody-412916.svc.id.goog"
              }
            ]
          },
          "sensitive_attributes": [],
          "private": "eyJlMmJmYjczMC1lY2FhLTExZTYtOGY4OC0zNDM2M2JjN2M0YzAiOnsiY3JlYXRlIjoyNDAwMDAwMDAwMDAwLCJkZWxldGUiOjI0MDAwMDAwMDAwMDAsInJlYWQiOjI0MDAwMDAwMDAwMDAsInVwZGF0ZSI6MzYwMDAwMDAwMDAwMH0sInNjaGVtYV92ZXJzaW9uIjoiMiJ9",
          "dependencies": [
            "google_compute_network.default",
            "google_project_service.project_googleapis_compute",
            "google_project_service.project_googleapis_container"
          ]
        }
      ]
    },
    {
      "mode": "managed",
      "type": "google_container_node_pool",
      "name": "primary_preemptible_nodes",
      "provider": "provider[\"registry.terraform.io/hashicorp/google\"]",
      "instances": [
        {
          "status": "tainted",
          "schema_version": 1,
          "attributes": {
            "autoscaling": [],
            "cluster": "example-cluster",
            "id": "projects/inner-melody-412916/locations/us-central1/clusters/example-cluster/nodePools/my-node-pool",
            "initial_node_count": null,
            "instance_group_urls": null,
            "location": "us-central1",
            "managed_instance_group_urls": null,
            "management": null,
            "max_pods_per_node": null,
            "name": "my-node-pool",
            "name_prefix": null,
            "network_config": null,
            "node_config": [
              {
                "advanced_machine_features": [],
                "boot_disk_kms_key": "",
                "confidential_nodes": [],
                "disk_size_gb": 0,
                "disk_type": "",
                "effective_taints": [],
                "ephemeral_storage_local_ssd_config": [],
                "fast_socket": [],
                "gcfs_config": [],
                "guest_accelerator": [],
                "gvnic": [],
                "host_maintenance_policy": [],
                "image_type": "",
                "kubelet_config": [],
                "labels": {},
                "linux_node_config": [],
                "local_nvme_ssd_block_config": [],
                "local_ssd_count": 0,
                "logging_variant": "",
                "machine_type": "e2-medium",
                "metadata": {},
                "min_cpu_platform": "",
                "node_group": "",
                "oauth_scopes": [],
                "preemptible": false,
                "reservation_affinity": [],
                "resource_labels": null,
                "service_account": "",
                "shielded_instance_config": [],
                "sole_tenant_config": [],
                "spot": false,
                "tags": null,
                "taint": [],
                "workload_metadata_config": []
              }
            ],
            "node_count": 1,
            "node_locations": [],
            "operation": null,
            "placement_policy": [],
            "project": "inner-melody-412916",
            "timeouts": null,
            "upgrade_settings": null,
            "version": null
          },
          "sensitive_attributes": [],
          "private": "eyJlMmJmYjczMC1lY2FhLTExZTYtOGY4OC0zNDM2M2JjN2M0YzAiOnsiY3JlYXRlIjoxODAwMDAwMDAwMDAwLCJkZWxldGUiOjE4MDAwMDAwMDAwMDAsInVwZGF0ZSI6MTgwMDAwMDAwMDAwMH0sInNjaGVtYV92ZXJzaW9uIjoiMSJ9",
          "dependencies": [
            "google_compute_network.default",
            "google_container_cluster.example_cluster",
            "google_project_service.project_googleapis_compute",
            "google_project_service.project_googleapis_container"
          ]
        }
      ]
    },
    {
      "mode": "managed",
      "type": "google_project_iam_member",
      "name": "alloydb_admin",
      "provider": "provider[\"registry.terraform.io/hashicorp/google\"]",
      "instances": [
        {
          "schema_version": 0,
          "attributes": {
            "condition": [],
            "etag": "BwYQQKyK+ig=",
            "id": "inner-melody-412916/roles/alloydb.admin/serviceAccount:136872847930-compute@developer.gserviceaccount.com",
            "member": "serviceAccount:136872847930-compute@developer.gserviceaccount.com",
            "project": "inner-melody-412916",
            "role": "roles/alloydb.admin"
          },
          "sensitive_attributes": [],
          "private": "bnVsbA==",
          "dependencies": [
            "google_project_service.project_googleapis_compute"
          ]
        }
      ]
    },
    {
      "mode": "managed",
      "type": "google_project_iam_member",
      "name": "clouddeploy_admin_prod",
      "provider": "provider[\"registry.terraform.io/hashicorp/google\"]",
      "instances": [
        {
          "schema_version": 0,
          "attributes": {
            "condition": [],
            "etag": "BwYQQKyK+ig=",
            "id": "inner-melody-412916/roles/clouddeploy.admin/serviceAccount:136872847930-compute@developer.gserviceaccount.com",
            "member": "serviceAccount:136872847930-compute@developer.gserviceaccount.com",
            "project": "inner-melody-412916",
            "role": "roles/clouddeploy.admin"
          },
          "sensitive_attributes": [],
          "private": "bnVsbA==",
          "dependencies": [
            "google_project_service.project_googleapis_compute"
          ]
        }
      ]
    },
    {
      "mode": "managed",
      "type": "google_project_iam_member",
      "name": "clouddeploy_artifactregistry_reader_prod",
      "provider": "provider[\"registry.terraform.io/hashicorp/google\"]",
      "instances": [
        {
          "schema_version": 0,
          "attributes": {
            "condition": [],
            "etag": "BwYQQKyK+ig=",
            "id": "inner-melody-412916/roles/artifactregistry.reader/serviceAccount:136872847930-compute@developer.gserviceaccount.com",
            "member": "serviceAccount:136872847930-compute@developer.gserviceaccount.com",
            "project": "inner-melody-412916",
            "role": "roles/artifactregistry.reader"
          },
          "sensitive_attributes": [],
          "private": "bnVsbA==",
          "dependencies": [
            "google_project_service.project_googleapis_compute"
          ]
        }
      ]
    },
    {
      "mode": "managed",
      "type": "google_project_iam_member",
      "name": "clouddeploy_artifactregistry_writer_prod",
      "provider": "provider[\"registry.terraform.io/hashicorp/google\"]",
      "instances": [
        {
          "schema_version": 0,
          "attributes": {
            "condition": [],
            "etag": "BwYQQKyK+ig=",
            "id": "inner-melody-412916/roles/artifactregistry.writer/serviceAccount:136872847930-compute@developer.gserviceaccount.com",
            "member": "serviceAccount:136872847930-compute@developer.gserviceaccount.com",
            "project": "inner-melody-412916",
            "role": "roles/artifactregistry.writer"
          },
          "sensitive_attributes": [],
          "private": "bnVsbA==",
          "dependencies": [
            "google_project_service.project_googleapis_compute"
          ]
        }
      ]
    },
    {
      "mode": "managed",
      "type": "google_project_iam_member",
      "name": "clouddeploy_developer",
      "provider": "provider[\"registry.terraform.io/hashicorp/google\"]",
      "instances": [
        {
          "schema_version": 0,
          "attributes": {
            "condition": [],
            "etag": "BwYQQKyK+ig=",
            "id": "inner-melody-412916/roles/container.developer/serviceAccount:136872847930-compute@developer.gserviceaccount.com",
            "member": "serviceAccount:136872847930-compute@developer.gserviceaccount.com",
            "project": "inner-melody-412916",
            "role": "roles/container.developer"
          },
          "sensitive_attributes": [],
          "private": "bnVsbA==",
          "dependencies": [
            "google_project_service.project_googleapis_compute"
          ]
        }
      ]
    },
    {
      "mode": "managed",
      "type": "google_project_iam_member",
      "name": "clouddeploy_developer_prod",
      "provider": "provider[\"registry.terraform.io/hashicorp/google\"]",
      "instances": [
        {
          "schema_version": 0,
          "attributes": {
            "condition": [],
            "etag": "BwYQQKyK+ig=",
            "id": "inner-melody-412916/roles/container.developer/serviceAccount:136872847930-compute@developer.gserviceaccount.com",
            "member": "serviceAccount:136872847930-compute@developer.gserviceaccount.com",
            "project": "inner-melody-412916",
            "role": "roles/container.developer"
          },
          "sensitive_attributes": [],
          "private": "bnVsbA==",
          "dependencies": [
            "google_project_service.project_googleapis_compute"
          ]
        }
      ]
    },
    {
      "mode": "managed",
      "type": "google_project_iam_member",
      "name": "clouddeploy_jobrunner",
      "provider": "provider[\"registry.terraform.io/hashicorp/google\"]",
      "instances": [
        {
          "schema_version": 0,
          "attributes": {
            "condition": [],
            "etag": "BwYQQKyK+ig=",
            "id": "inner-melody-412916/roles/clouddeploy.jobRunner/serviceAccount:136872847930-compute@developer.gserviceaccount.com",
            "member": "serviceAccount:136872847930-compute@developer.gserviceaccount.com",
            "project": "inner-melody-412916",
            "role": "roles/clouddeploy.jobRunner"
          },
          "sensitive_attributes": [],
          "private": "bnVsbA==",
          "dependencies": [
            "google_project_service.project_googleapis_compute"
          ]
        }
      ]
    },
    {
      "mode": "managed",
      "type": "google_project_iam_member",
      "name": "clouddeploy_jobrunner_prod",
      "provider": "provider[\"registry.terraform.io/hashicorp/google\"]",
      "instances": [
        {
          "schema_version": 0,
          "attributes": {
            "condition": [],
            "etag": "BwYQQKyK+ig=",
            "id": "inner-melody-412916/roles/clouddeploy.jobRunner/serviceAccount:136872847930-compute@developer.gserviceaccount.com",
            "member": "serviceAccount:136872847930-compute@developer.gserviceaccount.com",
            "project": "inner-melody-412916",
            "role": "roles/clouddeploy.jobRunner"
          },
          "sensitive_attributes": [],
          "private": "bnVsbA==",
          "dependencies": [
            "google_project_service.project_googleapis_compute"
          ]
        }
      ]
    },
    {
      "mode": "managed",
      "type": "google_project_iam_member",
      "name": "clouddeploy_monitoring_metricWriter_prod",
      "provider": "provider[\"registry.terraform.io/hashicorp/google\"]",
      "instances": [
        {
          "schema_version": 0,
          "attributes": {
            "condition": [],
            "etag": "BwYQQKyK+ig=",
            "id": "inner-melody-412916/roles/monitoring.metricWriter/serviceAccount:136872847930-compute@developer.gserviceaccount.com",
            "member": "serviceAccount:136872847930-compute@developer.gserviceaccount.com",
            "project": "inner-melody-412916",
            "role": "roles/monitoring.metricWriter"
          },
          "sensitive_attributes": [],
          "private": "bnVsbA==",
          "dependencies": [
            "google_project_service.project_googleapis_compute"
          ]
        }
      ]
    },
    {
      "mode": "managed",
      "type": "google_project_iam_member",
      "name": "clouddeploy_releaser",
      "provider": "provider[\"registry.terraform.io/hashicorp/google\"]",
      "instances": [
        {
          "schema_version": 0,
          "attributes": {
            "condition": [],
            "etag": "BwYQQKyK+ig=",
            "id": "inner-melody-412916/roles/clouddeploy.releaser/serviceAccount:136872847930-compute@developer.gserviceaccount.com",
            "member": "serviceAccount:136872847930-compute@developer.gserviceaccount.com",
            "project": "inner-melody-412916",
            "role": "roles/clouddeploy.releaser"
          },
          "sensitive_attributes": [],
          "private": "bnVsbA==",
          "dependencies": [
            "google_project_service.project_googleapis_compute"
          ]
        }
      ]
    },
    {
      "mode": "managed",
      "type": "google_project_iam_member",
      "name": "clouddeploy_serviceAgent_prod",
      "provider": "provider[\"registry.terraform.io/hashicorp/google\"]",
      "instances": [
        {
          "schema_version": 0,
          "attributes": {
            "condition": [],
            "etag": "BwYQQKyK+ig=",
            "id": "inner-melody-412916/roles/run.serviceAgent/serviceAccount:136872847930-compute@developer.gserviceaccount.com",
            "member": "serviceAccount:136872847930-compute@developer.gserviceaccount.com",
            "project": "inner-melody-412916",
            "role": "roles/run.serviceAgent"
          },
          "sensitive_attributes": [],
          "private": "bnVsbA==",
          "dependencies": [
            "google_project_service.project_googleapis_compute"
          ]
        }
      ]
    },
    {
      "mode": "managed",
      "type": "google_project_iam_member",
      "name": "cloudsql_admin",
      "provider": "provider[\"registry.terraform.io/hashicorp/google\"]",
      "instances": [
        {
          "schema_version": 0,
          "attributes": {
            "condition": [],
            "etag": "BwYQQKyK+ig=",
            "id": "inner-melody-412916/roles/cloudsql.admin/serviceAccount:136872847930-compute@developer.gserviceaccount.com",
            "member": "serviceAccount:136872847930-compute@developer.gserviceaccount.com",
            "project": "inner-melody-412916",
            "role": "roles/cloudsql.admin"
          },
          "sensitive_attributes": [],
          "private": "bnVsbA==",
          "dependencies": [
            "google_sql_database.quotes-app-db",
            "google_sql_database_instance.devopsdemo-instance"
          ]
        }
      ]
    },
    {
      "mode": "managed",
      "type": "google_project_iam_member",
      "name": "cloudsql_client",
      "provider": "provider[\"registry.terraform.io/hashicorp/google\"]",
      "instances": [
        {
          "schema_version": 0,
          "attributes": {
            "condition": [],
            "etag": "BwYQQKyK+ig=",
            "id": "inner-melody-412916/roles/cloudsql.client/serviceAccount:136872847930-compute@developer.gserviceaccount.com",
            "member": "serviceAccount:136872847930-compute@developer.gserviceaccount.com",
            "project": "inner-melody-412916",
            "role": "roles/cloudsql.client"
          },
          "sensitive_attributes": [],
          "private": "bnVsbA==",
          "dependencies": [
            "google_project_service.project_googleapis_compute"
          ]
        }
      ]
    },
    {
      "mode": "managed",
      "type": "google_project_iam_member",
      "name": "cloudsql_instanceUser",
      "provider": "provider[\"registry.terraform.io/hashicorp/google\"]",
      "instances": [
        {
          "schema_version": 0,
          "attributes": {
            "condition": [],
            "etag": "BwYQQKyK+ig=",
            "id": "inner-melody-412916/roles/cloudsql.instanceUser/serviceAccount:136872847930-compute@developer.gserviceaccount.com",
            "member": "serviceAccount:136872847930-compute@developer.gserviceaccount.com",
            "project": "inner-melody-412916",
            "role": "roles/cloudsql.instanceUser"
          },
          "sensitive_attributes": [],
          "private": "bnVsbA==",
          "dependencies": [
            "google_project_service.project_googleapis_compute"
          ]
        }
      ]
    },
    {
      "mode": "managed",
      "type": "google_project_iam_member",
      "name": "cloudsql_logWriter",
      "provider": "provider[\"registry.terraform.io/hashicorp/google\"]",
      "instances": [
        {
          "schema_version": 0,
          "attributes": {
            "condition": [],
            "etag": "BwYQQKyK+ig=",
            "id": "inner-melody-412916/roles/logging.logWriter/serviceAccount:136872847930-compute@developer.gserviceaccount.com",
            "member": "serviceAccount:136872847930-compute@developer.gserviceaccount.com",
            "project": "inner-melody-412916",
            "role": "roles/logging.logWriter"
          },
          "sensitive_attributes": [],
          "private": "bnVsbA==",
          "dependencies": [
            "google_project_service.project_googleapis_compute"
          ]
        }
      ]
    },
    {
      "mode": "managed",
      "type": "google_project_iam_member",
      "name": "llm_sa",
      "provider": "provider[\"registry.terraform.io/hashicorp/google\"]",
      "instances": [
        {
          "schema_version": 0,
          "attributes": {
            "condition": [],
            "etag": "BwYQQKyK+ig=",
            "id": "inner-melody-412916/roles/aiplatform.user/serviceAccount:llm-sa@inner-melody-412916.iam.gserviceaccount.com",
            "member": "serviceAccount:llm-sa@inner-melody-412916.iam.gserviceaccount.com",
            "project": "inner-melody-412916",
            "role": "roles/aiplatform.user"
          },
          "sensitive_attributes": [],
          "private": "bnVsbA==",
          "dependencies": [
            "google_service_account.llm_sa"
          ]
        }
      ]
    },
    {
      "mode": "managed",
      "type": "google_project_service",
      "name": "project_googleapis_aiplatform",
      "provider": "provider[\"registry.terraform.io/hashicorp/google\"]",
      "instances": [
        {
          "schema_version": 0,
          "attributes": {
            "disable_dependent_services": true,
            "disable_on_destroy": true,
            "id": "inner-melody-412916/aiplatform.googleapis.com",
            "project": "inner-melody-412916",
            "service": "aiplatform.googleapis.com",
            "timeouts": null
          },
          "sensitive_attributes": [],
          "private": "eyJlMmJmYjczMC1lY2FhLTExZTYtOGY4OC0zNDM2M2JjN2M0YzAiOnsiY3JlYXRlIjoxMjAwMDAwMDAwMDAwLCJkZWxldGUiOjEyMDAwMDAwMDAwMDAsInJlYWQiOjYwMDAwMDAwMDAwMCwidXBkYXRlIjoxMjAwMDAwMDAwMDAwfX0="
        }
      ]
    },
    {
      "mode": "managed",
      "type": "google_project_service",
      "name": "project_googleapis_artifactregistry",
      "provider": "provider[\"registry.terraform.io/hashicorp/google\"]",
      "instances": [
        {
          "schema_version": 0,
          "attributes": {
            "disable_dependent_services": true,
            "disable_on_destroy": true,
            "id": "inner-melody-412916/artifactregistry.googleapis.com",
            "project": "inner-melody-412916",
            "service": "artifactregistry.googleapis.com",
            "timeouts": null
          },
          "sensitive_attributes": [],
          "private": "eyJlMmJmYjczMC1lY2FhLTExZTYtOGY4OC0zNDM2M2JjN2M0YzAiOnsiY3JlYXRlIjoxMjAwMDAwMDAwMDAwLCJkZWxldGUiOjEyMDAwMDAwMDAwMDAsInJlYWQiOjYwMDAwMDAwMDAwMCwidXBkYXRlIjoxMjAwMDAwMDAwMDAwfX0="
        }
      ]
    },
    {
      "mode": "managed",
      "type": "google_project_service",
      "name": "project_googleapis_clouddeploy",
      "provider": "provider[\"registry.terraform.io/hashicorp/google\"]",
      "instances": [
        {
          "schema_version": 0,
          "attributes": {
            "disable_dependent_services": true,
            "disable_on_destroy": true,
            "id": "inner-melody-412916/clouddeploy.googleapis.com",
            "project": "inner-melody-412916",
            "service": "clouddeploy.googleapis.com",
            "timeouts": null
          },
          "sensitive_attributes": [],
          "private": "eyJlMmJmYjczMC1lY2FhLTExZTYtOGY4OC0zNDM2M2JjN2M0YzAiOnsiY3JlYXRlIjoxMjAwMDAwMDAwMDAwLCJkZWxldGUiOjEyMDAwMDAwMDAwMDAsInJlYWQiOjYwMDAwMDAwMDAwMCwidXBkYXRlIjoxMjAwMDAwMDAwMDAwfX0="
        }
      ]
    },
    {
      "mode": "managed",
      "type": "google_project_service",
      "name": "project_googleapis_compute",
      "provider": "provider[\"registry.terraform.io/hashicorp/google\"]",
      "instances": [
        {
          "schema_version": 0,
          "attributes": {
            "disable_dependent_services": true,
            "disable_on_destroy": true,
            "id": "inner-melody-412916/compute.googleapis.com",
            "project": "inner-melody-412916",
            "service": "compute.googleapis.com",
            "timeouts": null
          },
          "sensitive_attributes": [],
          "private": "eyJlMmJmYjczMC1lY2FhLTExZTYtOGY4OC0zNDM2M2JjN2M0YzAiOnsiY3JlYXRlIjoxMjAwMDAwMDAwMDAwLCJkZWxldGUiOjEyMDAwMDAwMDAwMDAsInJlYWQiOjYwMDAwMDAwMDAwMCwidXBkYXRlIjoxMjAwMDAwMDAwMDAwfX0="
        }
      ]
    },
    {
      "mode": "managed",
      "type": "google_project_service",
      "name": "project_googleapis_container",
      "provider": "provider[\"registry.terraform.io/hashicorp/google\"]",
      "instances": [
        {
          "schema_version": 0,
          "attributes": {
            "disable_dependent_services": true,
            "disable_on_destroy": true,
            "id": "inner-melody-412916/container.googleapis.com",
            "project": "inner-melody-412916",
            "service": "container.googleapis.com",
            "timeouts": null
          },
          "sensitive_attributes": [],
          "private": "eyJlMmJmYjczMC1lY2FhLTExZTYtOGY4OC0zNDM2M2JjN2M0YzAiOnsiY3JlYXRlIjoxMjAwMDAwMDAwMDAwLCJkZWxldGUiOjEyMDAwMDAwMDAwMDAsInJlYWQiOjYwMDAwMDAwMDAwMCwidXBkYXRlIjoxMjAwMDAwMDAwMDAwfX0="
        }
      ]
    },
    {
      "mode": "managed",
      "type": "google_service_account",
      "name": "cloudsql_sa",
      "provider": "provider[\"registry.terraform.io/hashicorp/google\"]",
      "instances": [
        {
          "schema_version": 0,
          "attributes": {
            "account_id": "cloudsql-sa",
            "description": "",
            "disabled": false,
            "display_name": "Cloud SQL Service Account",
            "email": "cloudsql-sa@inner-melody-412916.iam.gserviceaccount.com",
            "id": "projects/inner-melody-412916/serviceAccounts/cloudsql-sa@inner-melody-412916.iam.gserviceaccount.com",
            "member": "serviceAccount:cloudsql-sa@inner-melody-412916.iam.gserviceaccount.com",
            "name": "projects/inner-melody-412916/serviceAccounts/cloudsql-sa@inner-melody-412916.iam.gserviceaccount.com",
            "project": "inner-melody-412916",
            "timeouts": null,
            "unique_id": "105914822904276444901"
          },
          "sensitive_attributes": [],
          "private": "eyJlMmJmYjczMC1lY2FhLTExZTYtOGY4OC0zNDM2M2JjN2M0YzAiOnsiY3JlYXRlIjozMDAwMDAwMDAwMDB9fQ=="
        }
      ]
    },
    {
      "mode": "managed",
      "type": "google_service_account",
      "name": "flagger",
      "provider": "provider[\"registry.terraform.io/hashicorp/google\"]",
      "instances": [
        {
          "schema_version": 0,
          "attributes": {
            "account_id": "flagger",
            "description": "",
            "disabled": false,
            "display_name": "Flagger Service Account",
            "email": "flagger@inner-melody-412916.iam.gserviceaccount.com",
            "id": "projects/inner-melody-412916/serviceAccounts/flagger@inner-melody-412916.iam.gserviceaccount.com",
            "member": "serviceAccount:flagger@inner-melody-412916.iam.gserviceaccount.com",
            "name": "projects/inner-melody-412916/serviceAccounts/flagger@inner-melody-412916.iam.gserviceaccount.com",
            "project": "inner-melody-412916",
            "timeouts": null,
            "unique_id": "102077631426646450311"
          },
          "sensitive_attributes": [],
          "private": "eyJlMmJmYjczMC1lY2FhLTExZTYtOGY4OC0zNDM2M2JjN2M0YzAiOnsiY3JlYXRlIjozMDAwMDAwMDAwMDB9fQ=="
        }
      ]
    },
    {
      "mode": "managed",
      "type": "google_service_account",
      "name": "llm_sa",
      "provider": "provider[\"registry.terraform.io/hashicorp/google\"]",
      "instances": [
        {
          "schema_version": 0,
          "attributes": {
            "account_id": "llm-sa",
            "description": "",
            "disabled": false,
            "display_name": "LLM Service Account",
            "email": "llm-sa@inner-melody-412916.iam.gserviceaccount.com",
            "id": "projects/inner-melody-412916/serviceAccounts/llm-sa@inner-melody-412916.iam.gserviceaccount.com",
            "member": "serviceAccount:llm-sa@inner-melody-412916.iam.gserviceaccount.com",
            "name": "projects/inner-melody-412916/serviceAccounts/llm-sa@inner-melody-412916.iam.gserviceaccount.com",
            "project": "inner-melody-412916",
            "timeouts": null,
            "unique_id": "103212606252649839546"
          },
          "sensitive_attributes": [],
          "private": "eyJlMmJmYjczMC1lY2FhLTExZTYtOGY4OC0zNDM2M2JjN2M0YzAiOnsiY3JlYXRlIjozMDAwMDAwMDAwMDB9fQ=="
        }
      ]
    },
    {
      "mode": "managed",
      "type": "google_service_account_iam_binding",
      "name": "flagger",
      "provider": "provider[\"registry.terraform.io/hashicorp/google\"]",
      "instances": [
        {
          "schema_version": 0,
          "attributes": {
            "condition": [],
            "etag": "BwYQQLsKkqo=",
            "id": "projects/inner-melody-412916/serviceAccounts/flagger@inner-melody-412916.iam.gserviceaccount.com/roles/iam.workloadIdentityUser",
            "members": [
              "serviceAccount:inner-melody-412916.svc.id.goog[flagger-system/flagger]"
            ],
            "role": "roles/iam.workloadIdentityUser",
            "service_account_id": "projects/inner-melody-412916/serviceAccounts/flagger@inner-melody-412916.iam.gserviceaccount.com"
          },
          "sensitive_attributes": [],
          "private": "bnVsbA==",
          "dependencies": [
            "google_compute_network.default",
            "google_container_cluster.example_cluster",
            "google_project_service.project_googleapis_compute",
            "google_project_service.project_googleapis_container",
            "google_service_account.flagger"
          ]
        }
      ]
    },
    {
      "mode": "managed",
      "type": "google_sql_database",
      "name": "quotes-app-db",
      "provider": "provider[\"registry.terraform.io/hashicorp/google\"]",
      "instances": [
        {
          "schema_version": 0,
          "attributes": {
            "charset": "UTF8",
            "collation": "en_US.UTF8",
            "deletion_policy": "DELETE",
            "id": "projects/inner-melody-412916/instances/devopsdemo-instance/databases/quotes-app-db",
            "instance": "devopsdemo-instance",
            "name": "quotes-app-db",
            "project": "inner-melody-412916",
            "self_link": "https://sqladmin.googleapis.com/sql/v1beta4/projects/inner-melody-412916/instances/devopsdemo-instance/databases/quotes-app-db",
            "timeouts": null
          },
          "sensitive_attributes": [],
          "private": "eyJlMmJmYjczMC1lY2FhLTExZTYtOGY4OC0zNDM2M2JjN2M0YzAiOnsiY3JlYXRlIjoxMjAwMDAwMDAwMDAwLCJkZWxldGUiOjEyMDAwMDAwMDAwMDAsInVwZGF0ZSI6MTIwMDAwMDAwMDAwMH19",
          "dependencies": [
            "google_sql_database_instance.devopsdemo-instance"
          ]
        }
      ]
    },
    {
      "mode": "managed",
      "type": "google_sql_database_instance",
      "name": "devopsdemo-instance",
      "provider": "provider[\"registry.terraform.io/hashicorp/google\"]",
      "instances": [
        {
          "schema_version": 0,
          "attributes": {
            "available_maintenance_versions": [],
            "clone": [],
            "connection_name": "inner-melody-412916:us-central1:devopsdemo-instance",
            "database_version": "POSTGRES_14",
            "deletion_protection": true,
            "dns_name": "",
            "encryption_key_name": null,
            "first_ip_address": "35.239.24.68",
            "id": "devopsdemo-instance",
            "instance_type": "CLOUD_SQL_INSTANCE",
            "ip_address": [
              {
                "ip_address": "35.239.24.68",
                "time_to_retire": "",
                "type": "PRIMARY"
              },
              {
                "ip_address": "104.155.161.101",
                "time_to_retire": "",
                "type": "OUTGOING"
              }
            ],
            "maintenance_version": "POSTGRES_14_9.R20230830.01_07",
            "master_instance_name": "",
            "name": "devopsdemo-instance",
            "private_ip_address": "",
            "project": "inner-melody-412916",
            "psc_service_attachment_link": "",
            "public_ip_address": "35.239.24.68",
            "region": "us-central1",
            "replica_configuration": [],
            "restore_backup_context": [],
            "root_password": null,
            "self_link": "https://sqladmin.googleapis.com/sql/v1beta4/projects/inner-melody-412916/instances/devopsdemo-instance",
            "server_ca_cert": [
              {
                "cert": "-----BEGIN CERTIFICATE-----\nMIIDfzCCAmegAwIBAgIBADANBgkqhkiG9w0BAQsFADB3MS0wKwYDVQQuEyQ1OGYy\nMzk1ZC0xYjRmLTRjZjAtYWVmYi0xZWU0MGNkZDA1MGQxIzAhBgNVBAMTGkdvb2ds\nZSBDbG91ZCBTUUwgU2VydmVyIENBMRQwEgYDVQQKEwtHb29nbGUsIEluYzELMAkG\nA1UEBhMCVVMwHhcNMjQwMTMxMTY0MzAyWhcNMzQwMTI4MTY0NDAyWjB3MS0wKwYD\nVQQuEyQ1OGYyMzk1ZC0xYjRmLTRjZjAtYWVmYi0xZWU0MGNkZDA1MGQxIzAhBgNV\nBAMTGkdvb2dsZSBDbG91ZCBTUUwgU2VydmVyIENBMRQwEgYDVQQKEwtHb29nbGUs\nIEluYzELMAkGA1UEBhMCVVMwggEiMA0GCSqGSIb3DQEBAQUAA4IBDwAwggEKAoIB\nAQClzegeo27aZGOJ9EbDyO83nlZSjzyLeWRhWCNo/eBJw8Vu4y+As0WP3YL5dfKv\nN8PmhVQINF95RB4epaEjOv9m2e5rhspVaQ1PvmmQMGlpaX0KjzpfI5K2Z268NJta\nz8WRGmS22xw0FDyDwAhZtgV0SYC37gxneD3mT8wcRctB/TnMvqzApPRyg/pc/MX/\nWvTnZJVRKmIf2U7+9ts18yiXRwUawvs+G6JzoDH1J+Kj6e8pKwHI2J5e4OPeCNci\nNSNg8GhOcaf2fm1iSOVECZeRj5lDI11PlpYOkPjSxhEBB9oePahB3xqx9L6paDXG\n1y/eblOUHKFVtuP7oe/cfVx3AgMBAAGjFjAUMBIGA1UdEwEB/wQIMAYBAf8CAQAw\nDQYJKoZIhvcNAQELBQADggEBACgfdYffIykwpiLShnuZCLHh2Kvf79J5tZWMCwQR\nzRel3MgLEkJaNswj6mlJzfm/rzSC59ieh6pzbKhgy9NpM8MGTG9WxerxSqRb2pp0\nfp+4fJcedSKuHIRwIGlplOIBRTlabJjcq4DQ8ysgwe0sXukpjETKoqEWER0z/NNl\n9ni+R+H8uWKmKnxWZLnoVI9MGFyAfQUuyf8q/lo1Q3PjdOjgvgwXl0EYCIuqB/pf\n80rHtXvp10SenIfDy58b/wVKhZQFhMc72Mld4MS2nZF0JIr4yfej/FJP/GGz+KAk\nQOE/bXrzRu1aIy2w/oI/0m+e47sqcjjccLnaEp/ELL15u5o=\n-----END CERTIFICATE-----",
                "common_name": "C=US,O=Google\\, Inc,CN=Google Cloud SQL Server CA,dnQualifier=58f2395d-1b4f-4cf0-aefb-1ee40cdd050d",
                "create_time": "2024-01-31T16:43:02.760Z",
                "expiration_time": "2034-01-28T16:44:02.760Z",
                "sha1_fingerprint": "7139490b74629d4b392e39e6dca00f08248a289c"
              }
            ],
            "service_account_email_address": "p136872847930-8nlj02@gcp-sa-cloud-sql.iam.gserviceaccount.com",
            "settings": [
              {
                "activation_policy": "ALWAYS",
                "active_directory_config": [],
                "advanced_machine_features": [],
                "availability_type": "ZONAL",
                "backup_configuration": [
                  {
                    "backup_retention_settings": [
                      {
                        "retained_backups": 7,
                        "retention_unit": "COUNT"
                      }
                    ],
                    "binary_log_enabled": false,
                    "enabled": false,
                    "location": "",
                    "point_in_time_recovery_enabled": false,
                    "start_time": "19:00",
                    "transaction_log_retention_days": 7
                  }
                ],
                "collation": "",
                "connector_enforcement": "NOT_REQUIRED",
                "data_cache_config": [],
                "database_flags": [],
                "deletion_protection_enabled": false,
                "deny_maintenance_period": [],
                "disk_autoresize": true,
                "disk_autoresize_limit": 0,
                "disk_size": 10,
                "disk_type": "PD_SSD",
                "edition": "ENTERPRISE",
                "insights_config": [],
                "ip_configuration": [
                  {
                    "allocated_ip_range": "",
                    "authorized_networks": [],
                    "enable_private_path_for_google_cloud_services": false,
                    "ipv4_enabled": true,
                    "private_network": "",
                    "psc_config": [],
                    "require_ssl": false,
                    "ssl_mode": ""
                  }
                ],
                "location_preference": [
                  {
                    "follow_gae_application": "",
                    "secondary_zone": "",
                    "zone": "us-central1-c"
                  }
                ],
                "maintenance_window": [],
                "password_validation_policy": [],
                "pricing_plan": "PER_USE",
                "sql_server_audit_config": [],
                "tier": "db-f1-micro",
                "time_zone": "",
                "user_labels": {},
                "version": 1
              }
            ],
            "timeouts": null
          },
          "sensitive_attributes": [],
          "private": "eyJlMmJmYjczMC1lY2FhLTExZTYtOGY4OC0zNDM2M2JjN2M0YzAiOnsiY3JlYXRlIjoyNDAwMDAwMDAwMDAwLCJkZWxldGUiOjE4MDAwMDAwMDAwMDAsInVwZGF0ZSI6MTgwMDAwMDAwMDAwMH19"
        }
      ]
    },
    {
      "mode": "managed",
      "type": "google_sql_user",
      "name": "iam_service_account_user",
      "provider": "provider[\"registry.terraform.io/hashicorp/google\"]",
      "instances": [
        {
          "schema_version": 1,
          "attributes": {
            "deletion_policy": null,
            "host": "",
            "id": "cloudsql-sa@inner-melody-412916.iam//devopsdemo-instance",
            "instance": "devopsdemo-instance",
            "name": "cloudsql-sa@inner-melody-412916.iam",
            "password": null,
            "password_policy": [],
            "project": "inner-melody-412916",
            "sql_server_user_details": [],
            "timeouts": null,
            "type": "CLOUD_IAM_SERVICE_ACCOUNT"
          },
          "sensitive_attributes": [],
          "private": "eyJlMmJmYjczMC1lY2FhLTExZTYtOGY4OC0zNDM2M2JjN2M0YzAiOnsiY3JlYXRlIjo2MDAwMDAwMDAwMDAsImRlbGV0ZSI6NjAwMDAwMDAwMDAwLCJ1cGRhdGUiOjYwMDAwMDAwMDAwMH0sInNjaGVtYV92ZXJzaW9uIjoiMSJ9",
          "dependencies": [
            "google_service_account.cloudsql_sa",
            "google_sql_database.quotes-app-db",
            "google_sql_database_instance.devopsdemo-instance"
          ]
        }
      ]
    }
  ],
  "check_results": null
}
